
Microsoft Visual Studio Solution File, Format Version 12.00
# Visual Studio Version 16
VisualStudioVersion = 16.0.30517.126
MinimumVisualStudioVersion = 15.0.26124.0
Project("{2150E333-8FDC-42A3-9474-1A3956D46DE8}") = "examples", "examples", "{4FD2509D-2D85-4ED3-9A64-1691E62B6900}"
EndProject
Project("{2150E333-8FDC-42A3-9474-1A3956D46DE8}") = "CSharp", "CSharp", "{6842A2C6-5C7B-42DD-9825-0EDE91BFEBF7}"
	ProjectSection(SolutionItems) = preProject
		examples\CSharp\Directory.Build.props = examples\CSharp\Directory.Build.props
	EndProjectSection
EndProject
Project("{2150E333-8FDC-42A3-9474-1A3956D46DE8}") = "src", "src", "{EA3CA547-452A-4D9E-BDB3-3BC5D7F15ACA}"
	ProjectSection(SolutionItems) = preProject
		src\Directory.Build.props = src\Directory.Build.props
		src\Directory.Build.targets = src\Directory.Build.targets
	EndProjectSection
EndProject
Project("{2150E333-8FDC-42A3-9474-1A3956D46DE8}") = "libraries", "libraries", "{C9718C94-2F21-4E8D-B55D-8F0B1A131346}"
EndProject
Project("{FAE04EC0-301F-11D3-BF4B-00C04F79EFBC}") = "Silk.NET.Maths", "src\libraries\Silk.NET.Maths\Silk.NET.Maths.csproj", "{7A2A3176-DBA1-4026-AF65-8E36B4F09B01}"
EndProject
Project("{2150E333-8FDC-42A3-9474-1A3956D46DE8}") = "benchmarks", "benchmarks", "{FD15E196-1C63-47D6-8AD5-64F015120B4B}"
EndProject
Project("{2150E333-8FDC-42A3-9474-1A3956D46DE8}") = "experiments", "experiments", "{1565E50D-3BF1-407E-842A-169F4F86513D}"
EndProject
Project("{2150E333-8FDC-42A3-9474-1A3956D46DE8}") = "infrastructure", "infrastructure", "{F07CABFC-DC6A-4B5B-BC56-B10EEC2C0BFA}"
	ProjectSection(SolutionItems) = preProject
		src\infrastructure\.gitignore = src\infrastructure\.gitignore
		src\infrastructure\_._ = src\infrastructure\_._
		src\infrastructure\Directory.Build.targets = src\infrastructure\Directory.Build.targets
		src\infrastructure\README.md = src\infrastructure\README.md
	EndProjectSection
EndProject
Project("{2150E333-8FDC-42A3-9474-1A3956D46DE8}") = "bindings", "bindings", "{9020C7C6-C366-4BD3-8C8A-F81394EC7174}"
	ProjectSection(SolutionItems) = preProject
		src\bindings\silktouch.json = src\bindings\silktouch.json
		src\bindings\Directory.Build.targets = src\bindings\Directory.Build.targets
	EndProjectSection
EndProject
Project("{2150E333-8FDC-42A3-9474-1A3956D46DE8}") = "generators", "generators", "{8238D9F3-E158-4633-8017-B29AA3AD61F7}"
	ProjectSection(SolutionItems) = preProject
		src\generators\README.md = src\generators\README.md
	EndProjectSection
EndProject
Project("{FAE04EC0-301F-11D3-BF4B-00C04F79EFBC}") = "Silk.NET.Assimp.Native", "src\infrastructure\Silk.NET.Assimp.Native\Silk.NET.Assimp.Native.csproj", "{1FBF178D-3F9B-46C5-9D50-21D4D547113E}"
EndProject
Project("{FAE04EC0-301F-11D3-BF4B-00C04F79EFBC}") = "Silk.NET.GLFW.Native", "src\infrastructure\Silk.NET.GLFW.Native\Silk.NET.GLFW.Native.csproj", "{367CB262-5FB0-42DA-A6CA-D22147E4B7BE}"
EndProject
Project("{FAE04EC0-301F-11D3-BF4B-00C04F79EFBC}") = "Silk.NET.NUKE", "src\infrastructure\Silk.NET.NUKE\Silk.NET.NUKE.csproj", "{44CA62B1-EE9A-41BC-A23E-D0A2F3791D76}"
EndProject
Project("{FAE04EC0-301F-11D3-BF4B-00C04F79EFBC}") = "Silk.NET.OpenAL.Soft.Native", "src\infrastructure\Silk.NET.OpenAL.Soft.Native\Silk.NET.OpenAL.Soft.Native.csproj", "{DB186ABF-C51D-432F-B9F3-A13B53B1BD07}"
EndProject
Project("{FAE04EC0-301F-11D3-BF4B-00C04F79EFBC}") = "Silk.NET.Maths.Benchmarks", "src\benchmarks\Silk.NET.Maths.Benchmarks\Silk.NET.Maths.Benchmarks.csproj", "{CB8B28DE-456A-4B8E-85A6-2C50CEE08CA2}"
EndProject
Project("{FAE04EC0-301F-11D3-BF4B-00C04F79EFBC}") = "Silk.NET.SilkTouch.Scraper", "src\generators\Silk.NET.SilkTouch.Scraper\Silk.NET.SilkTouch.Scraper.csproj", "{EA623F04-DADA-4714-B2C5-44C82E211492}"
EndProject
Project("{FAE04EC0-301F-11D3-BF4B-00C04F79EFBC}") = "Silk.NET.SilkTouch.Common", "src\generators\Silk.NET.SilkTouch.Common\Silk.NET.SilkTouch.Common.csproj", "{C6833D95-14A8-499A-85E4-C09FA094DCE8}"
EndProject
Project("{FAE04EC0-301F-11D3-BF4B-00C04F79EFBC}") = "SilkTouch", "src\generators\SilkTouch\SilkTouch.csproj", "{7DF67686-3F46-4569-935F-4A9E9903B575}"
EndProject
Project("{FAE04EC0-301F-11D3-BF4B-00C04F79EFBC}") = "Silk.NET.SilkTouch.Roslyn", "src\generators\Silk.NET.SilkTouch.Roslyn\Silk.NET.SilkTouch.Roslyn.csproj", "{11841F56-7603-40D9-BC06-10EBBE17D905}"
EndProject
Project("{FAE04EC0-301F-11D3-BF4B-00C04F79EFBC}") = "Silk.NET.SilkTouch.ClangSharp.Xml", "src\generators\Silk.NET.SilkTouch.ClangSharp.Xml\Silk.NET.SilkTouch.ClangSharp.Xml.csproj", "{CD47A2B9-D3D6-40CF-AE0A-B571EF9F7793}"
EndProject
Project("{FAE04EC0-301F-11D3-BF4B-00C04F79EFBC}") = "Silk.NET.SilkTouch.Emitter", "src\generators\Silk.NET.SilkTouch.Emitter\Silk.NET.SilkTouch.Emitter.csproj", "{50F26B27-32B6-4D66-ADD5-CC9C38373B19}"
EndProject
Project("{FAE04EC0-301F-11D3-BF4B-00C04F79EFBC}") = "Silk.NET.SilkTouch.Overloader", "src\generators\Silk.NET.SilkTouch.Overloader\Silk.NET.SilkTouch.Overloader.csproj", "{46A89F89-77B3-4679-A82F-04A552545B16}"
EndProject
Project("{FAE04EC0-301F-11D3-BF4B-00C04F79EFBC}") = "Silk.NET.Core", "src\libraries\Silk.NET.Core\Silk.NET.Core.csproj", "{69CF4437-59F7-4304-9AE1-4B58E1A93367}"
EndProject
Project("{FAE04EC0-301F-11D3-BF4B-00C04F79EFBC}") = "Silk.NET.Vulkan", "src\bindings\Silk.NET.Vulkan\Silk.NET.Vulkan.csproj", "{AF6E05E0-9C51-4D52-AC7E-056714CAC5F4}"
EndProject
Project("{FAE04EC0-301F-11D3-BF4B-00C04F79EFBC}") = "Silk.NET.Statiq", "src\infrastructure\Silk.NET.Statiq\Silk.NET.Statiq.csproj", "{ED11DCF5-E925-417A-99E0-B8AD615874EA}"
EndProject
Project("{FAE04EC0-301F-11D3-BF4B-00C04F79EFBC}") = "Silk.NET.Statiq.TableOfContents", "src\infrastructure\Silk.NET.Statiq.TableOfContents\Silk.NET.Statiq.TableOfContents.csproj", "{A11CC2E1-51C3-4DE8-A4B3-F05D37EDAB8C}"
EndProject
Project("{FAE04EC0-301F-11D3-BF4B-00C04F79EFBC}") = "Silk.NET.OpenGLES.ANGLE.Native", "src\infrastructure\Silk.NET.OpenGLES.ANGLE.Native\Silk.NET.OpenGLES.ANGLE.Native.csproj", "{62901DA5-46F5-40E6-B680-D55F3AAE0323}"
EndProject
Project("{FAE04EC0-301F-11D3-BF4B-00C04F79EFBC}") = "Silk.NET.Vulkan.Loader.Native", "src\infrastructure\Silk.NET.Vulkan.Loader.Native\Silk.NET.Vulkan.Loader.Native.csproj", "{95686EFE-3457-42A1-B94C-FE0FF5A1A256}"
EndProject
Project("{FAE04EC0-301F-11D3-BF4B-00C04F79EFBC}") = "Silk.NET.Vulkan.SwiftShader.Native", "src\infrastructure\Silk.NET.Vulkan.SwiftShader.Native\Silk.NET.Vulkan.SwiftShader.Native.csproj", "{66DC1792-099B-4477-9A98-F4993BD0DDD0}"
EndProject
Global
	GlobalSection(SolutionConfigurationPlatforms) = preSolution
		Debug|Any CPU = Debug|Any CPU
		Debug|x64 = Debug|x64
		Debug|x86 = Debug|x86
		Release|Any CPU = Release|Any CPU
		Release|x64 = Release|x64
		Release|x86 = Release|x86
	EndGlobalSection
	GlobalSection(ProjectConfigurationPlatforms) = postSolution
		{7A2A3176-DBA1-4026-AF65-8E36B4F09B01}.Debug|Any CPU.ActiveCfg = Debug|Any CPU
		{7A2A3176-DBA1-4026-AF65-8E36B4F09B01}.Debug|Any CPU.Build.0 = Debug|Any CPU
		{7A2A3176-DBA1-4026-AF65-8E36B4F09B01}.Debug|x64.ActiveCfg = Debug|Any CPU
		{7A2A3176-DBA1-4026-AF65-8E36B4F09B01}.Debug|x64.Build.0 = Debug|Any CPU
		{7A2A3176-DBA1-4026-AF65-8E36B4F09B01}.Debug|x86.ActiveCfg = Debug|Any CPU
		{7A2A3176-DBA1-4026-AF65-8E36B4F09B01}.Debug|x86.Build.0 = Debug|Any CPU
		{7A2A3176-DBA1-4026-AF65-8E36B4F09B01}.Release|Any CPU.ActiveCfg = Release|Any CPU
		{7A2A3176-DBA1-4026-AF65-8E36B4F09B01}.Release|Any CPU.Build.0 = Release|Any CPU
		{7A2A3176-DBA1-4026-AF65-8E36B4F09B01}.Release|x64.ActiveCfg = Release|Any CPU
		{7A2A3176-DBA1-4026-AF65-8E36B4F09B01}.Release|x64.Build.0 = Release|Any CPU
		{7A2A3176-DBA1-4026-AF65-8E36B4F09B01}.Release|x86.ActiveCfg = Release|Any CPU
		{7A2A3176-DBA1-4026-AF65-8E36B4F09B01}.Release|x86.Build.0 = Release|Any CPU
		{1FBF178D-3F9B-46C5-9D50-21D4D547113E}.Debug|Any CPU.ActiveCfg = Debug|Any CPU
		{1FBF178D-3F9B-46C5-9D50-21D4D547113E}.Debug|Any CPU.Build.0 = Debug|Any CPU
		{1FBF178D-3F9B-46C5-9D50-21D4D547113E}.Debug|x64.ActiveCfg = Debug|Any CPU
		{1FBF178D-3F9B-46C5-9D50-21D4D547113E}.Debug|x64.Build.0 = Debug|Any CPU
		{1FBF178D-3F9B-46C5-9D50-21D4D547113E}.Debug|x86.ActiveCfg = Debug|Any CPU
		{1FBF178D-3F9B-46C5-9D50-21D4D547113E}.Debug|x86.Build.0 = Debug|Any CPU
		{1FBF178D-3F9B-46C5-9D50-21D4D547113E}.Release|Any CPU.ActiveCfg = Release|Any CPU
		{1FBF178D-3F9B-46C5-9D50-21D4D547113E}.Release|Any CPU.Build.0 = Release|Any CPU
		{1FBF178D-3F9B-46C5-9D50-21D4D547113E}.Release|x64.ActiveCfg = Release|Any CPU
		{1FBF178D-3F9B-46C5-9D50-21D4D547113E}.Release|x64.Build.0 = Release|Any CPU
		{1FBF178D-3F9B-46C5-9D50-21D4D547113E}.Release|x86.ActiveCfg = Release|Any CPU
		{1FBF178D-3F9B-46C5-9D50-21D4D547113E}.Release|x86.Build.0 = Release|Any CPU
		{367CB262-5FB0-42DA-A6CA-D22147E4B7BE}.Debug|Any CPU.ActiveCfg = Debug|Any CPU
		{367CB262-5FB0-42DA-A6CA-D22147E4B7BE}.Debug|Any CPU.Build.0 = Debug|Any CPU
		{367CB262-5FB0-42DA-A6CA-D22147E4B7BE}.Debug|x64.ActiveCfg = Debug|Any CPU
		{367CB262-5FB0-42DA-A6CA-D22147E4B7BE}.Debug|x64.Build.0 = Debug|Any CPU
		{367CB262-5FB0-42DA-A6CA-D22147E4B7BE}.Debug|x86.ActiveCfg = Debug|Any CPU
		{367CB262-5FB0-42DA-A6CA-D22147E4B7BE}.Debug|x86.Build.0 = Debug|Any CPU
		{367CB262-5FB0-42DA-A6CA-D22147E4B7BE}.Release|Any CPU.ActiveCfg = Release|Any CPU
		{367CB262-5FB0-42DA-A6CA-D22147E4B7BE}.Release|Any CPU.Build.0 = Release|Any CPU
		{367CB262-5FB0-42DA-A6CA-D22147E4B7BE}.Release|x64.ActiveCfg = Release|Any CPU
		{367CB262-5FB0-42DA-A6CA-D22147E4B7BE}.Release|x64.Build.0 = Release|Any CPU
		{367CB262-5FB0-42DA-A6CA-D22147E4B7BE}.Release|x86.ActiveCfg = Release|Any CPU
		{367CB262-5FB0-42DA-A6CA-D22147E4B7BE}.Release|x86.Build.0 = Release|Any CPU
		{44CA62B1-EE9A-41BC-A23E-D0A2F3791D76}.Debug|Any CPU.ActiveCfg = Debug|Any CPU
		{44CA62B1-EE9A-41BC-A23E-D0A2F3791D76}.Debug|Any CPU.Build.0 = Debug|Any CPU
		{44CA62B1-EE9A-41BC-A23E-D0A2F3791D76}.Debug|x64.ActiveCfg = Debug|Any CPU
		{44CA62B1-EE9A-41BC-A23E-D0A2F3791D76}.Debug|x64.Build.0 = Debug|Any CPU
		{44CA62B1-EE9A-41BC-A23E-D0A2F3791D76}.Debug|x86.ActiveCfg = Debug|Any CPU
		{44CA62B1-EE9A-41BC-A23E-D0A2F3791D76}.Debug|x86.Build.0 = Debug|Any CPU
		{44CA62B1-EE9A-41BC-A23E-D0A2F3791D76}.Release|Any CPU.ActiveCfg = Release|Any CPU
		{44CA62B1-EE9A-41BC-A23E-D0A2F3791D76}.Release|Any CPU.Build.0 = Release|Any CPU
		{44CA62B1-EE9A-41BC-A23E-D0A2F3791D76}.Release|x64.ActiveCfg = Release|Any CPU
		{44CA62B1-EE9A-41BC-A23E-D0A2F3791D76}.Release|x64.Build.0 = Release|Any CPU
		{44CA62B1-EE9A-41BC-A23E-D0A2F3791D76}.Release|x86.ActiveCfg = Release|Any CPU
		{44CA62B1-EE9A-41BC-A23E-D0A2F3791D76}.Release|x86.Build.0 = Release|Any CPU
		{DB186ABF-C51D-432F-B9F3-A13B53B1BD07}.Debug|Any CPU.ActiveCfg = Debug|Any CPU
		{DB186ABF-C51D-432F-B9F3-A13B53B1BD07}.Debug|Any CPU.Build.0 = Debug|Any CPU
		{DB186ABF-C51D-432F-B9F3-A13B53B1BD07}.Debug|x64.ActiveCfg = Debug|Any CPU
		{DB186ABF-C51D-432F-B9F3-A13B53B1BD07}.Debug|x64.Build.0 = Debug|Any CPU
		{DB186ABF-C51D-432F-B9F3-A13B53B1BD07}.Debug|x86.ActiveCfg = Debug|Any CPU
		{DB186ABF-C51D-432F-B9F3-A13B53B1BD07}.Debug|x86.Build.0 = Debug|Any CPU
		{DB186ABF-C51D-432F-B9F3-A13B53B1BD07}.Release|Any CPU.ActiveCfg = Release|Any CPU
		{DB186ABF-C51D-432F-B9F3-A13B53B1BD07}.Release|Any CPU.Build.0 = Release|Any CPU
		{DB186ABF-C51D-432F-B9F3-A13B53B1BD07}.Release|x64.ActiveCfg = Release|Any CPU
		{DB186ABF-C51D-432F-B9F3-A13B53B1BD07}.Release|x64.Build.0 = Release|Any CPU
		{DB186ABF-C51D-432F-B9F3-A13B53B1BD07}.Release|x86.ActiveCfg = Release|Any CPU
		{DB186ABF-C51D-432F-B9F3-A13B53B1BD07}.Release|x86.Build.0 = Release|Any CPU
		{CB8B28DE-456A-4B8E-85A6-2C50CEE08CA2}.Debug|Any CPU.ActiveCfg = Debug|Any CPU
		{CB8B28DE-456A-4B8E-85A6-2C50CEE08CA2}.Debug|Any CPU.Build.0 = Debug|Any CPU
		{CB8B28DE-456A-4B8E-85A6-2C50CEE08CA2}.Debug|x64.ActiveCfg = Debug|Any CPU
		{CB8B28DE-456A-4B8E-85A6-2C50CEE08CA2}.Debug|x64.Build.0 = Debug|Any CPU
		{CB8B28DE-456A-4B8E-85A6-2C50CEE08CA2}.Debug|x86.ActiveCfg = Debug|Any CPU
		{CB8B28DE-456A-4B8E-85A6-2C50CEE08CA2}.Debug|x86.Build.0 = Debug|Any CPU
		{CB8B28DE-456A-4B8E-85A6-2C50CEE08CA2}.Release|Any CPU.ActiveCfg = Release|Any CPU
		{CB8B28DE-456A-4B8E-85A6-2C50CEE08CA2}.Release|Any CPU.Build.0 = Release|Any CPU
		{CB8B28DE-456A-4B8E-85A6-2C50CEE08CA2}.Release|x64.ActiveCfg = Release|Any CPU
		{CB8B28DE-456A-4B8E-85A6-2C50CEE08CA2}.Release|x64.Build.0 = Release|Any CPU
		{CB8B28DE-456A-4B8E-85A6-2C50CEE08CA2}.Release|x86.ActiveCfg = Release|Any CPU
		{CB8B28DE-456A-4B8E-85A6-2C50CEE08CA2}.Release|x86.Build.0 = Release|Any CPU
		{EA623F04-DADA-4714-B2C5-44C82E211492}.Debug|Any CPU.ActiveCfg = Debug|Any CPU
		{EA623F04-DADA-4714-B2C5-44C82E211492}.Debug|Any CPU.Build.0 = Debug|Any CPU
		{EA623F04-DADA-4714-B2C5-44C82E211492}.Debug|x64.ActiveCfg = Debug|Any CPU
		{EA623F04-DADA-4714-B2C5-44C82E211492}.Debug|x64.Build.0 = Debug|Any CPU
		{EA623F04-DADA-4714-B2C5-44C82E211492}.Debug|x86.ActiveCfg = Debug|Any CPU
		{EA623F04-DADA-4714-B2C5-44C82E211492}.Debug|x86.Build.0 = Debug|Any CPU
		{EA623F04-DADA-4714-B2C5-44C82E211492}.Release|Any CPU.ActiveCfg = Release|Any CPU
		{EA623F04-DADA-4714-B2C5-44C82E211492}.Release|Any CPU.Build.0 = Release|Any CPU
		{EA623F04-DADA-4714-B2C5-44C82E211492}.Release|x64.ActiveCfg = Release|Any CPU
		{EA623F04-DADA-4714-B2C5-44C82E211492}.Release|x64.Build.0 = Release|Any CPU
		{EA623F04-DADA-4714-B2C5-44C82E211492}.Release|x86.ActiveCfg = Release|Any CPU
		{EA623F04-DADA-4714-B2C5-44C82E211492}.Release|x86.Build.0 = Release|Any CPU
		{C6833D95-14A8-499A-85E4-C09FA094DCE8}.Debug|Any CPU.ActiveCfg = Debug|Any CPU
		{C6833D95-14A8-499A-85E4-C09FA094DCE8}.Debug|Any CPU.Build.0 = Debug|Any CPU
		{C6833D95-14A8-499A-85E4-C09FA094DCE8}.Debug|x64.ActiveCfg = Debug|Any CPU
		{C6833D95-14A8-499A-85E4-C09FA094DCE8}.Debug|x64.Build.0 = Debug|Any CPU
		{C6833D95-14A8-499A-85E4-C09FA094DCE8}.Debug|x86.ActiveCfg = Debug|Any CPU
		{C6833D95-14A8-499A-85E4-C09FA094DCE8}.Debug|x86.Build.0 = Debug|Any CPU
		{C6833D95-14A8-499A-85E4-C09FA094DCE8}.Release|Any CPU.ActiveCfg = Release|Any CPU
		{C6833D95-14A8-499A-85E4-C09FA094DCE8}.Release|Any CPU.Build.0 = Release|Any CPU
		{C6833D95-14A8-499A-85E4-C09FA094DCE8}.Release|x64.ActiveCfg = Release|Any CPU
		{C6833D95-14A8-499A-85E4-C09FA094DCE8}.Release|x64.Build.0 = Release|Any CPU
		{C6833D95-14A8-499A-85E4-C09FA094DCE8}.Release|x86.ActiveCfg = Release|Any CPU
		{C6833D95-14A8-499A-85E4-C09FA094DCE8}.Release|x86.Build.0 = Release|Any CPU
		{7DF67686-3F46-4569-935F-4A9E9903B575}.Debug|Any CPU.ActiveCfg = Debug|Any CPU
		{7DF67686-3F46-4569-935F-4A9E9903B575}.Debug|Any CPU.Build.0 = Debug|Any CPU
		{7DF67686-3F46-4569-935F-4A9E9903B575}.Debug|x64.ActiveCfg = Debug|Any CPU
		{7DF67686-3F46-4569-935F-4A9E9903B575}.Debug|x64.Build.0 = Debug|Any CPU
		{7DF67686-3F46-4569-935F-4A9E9903B575}.Debug|x86.ActiveCfg = Debug|Any CPU
		{7DF67686-3F46-4569-935F-4A9E9903B575}.Debug|x86.Build.0 = Debug|Any CPU
		{7DF67686-3F46-4569-935F-4A9E9903B575}.Release|Any CPU.ActiveCfg = Release|Any CPU
		{7DF67686-3F46-4569-935F-4A9E9903B575}.Release|Any CPU.Build.0 = Release|Any CPU
		{7DF67686-3F46-4569-935F-4A9E9903B575}.Release|x64.ActiveCfg = Release|Any CPU
		{7DF67686-3F46-4569-935F-4A9E9903B575}.Release|x64.Build.0 = Release|Any CPU
		{7DF67686-3F46-4569-935F-4A9E9903B575}.Release|x86.ActiveCfg = Release|Any CPU
		{7DF67686-3F46-4569-935F-4A9E9903B575}.Release|x86.Build.0 = Release|Any CPU
		{11841F56-7603-40D9-BC06-10EBBE17D905}.Debug|Any CPU.ActiveCfg = Debug|Any CPU
		{11841F56-7603-40D9-BC06-10EBBE17D905}.Debug|Any CPU.Build.0 = Debug|Any CPU
		{11841F56-7603-40D9-BC06-10EBBE17D905}.Debug|x64.ActiveCfg = Debug|Any CPU
		{11841F56-7603-40D9-BC06-10EBBE17D905}.Debug|x64.Build.0 = Debug|Any CPU
		{11841F56-7603-40D9-BC06-10EBBE17D905}.Debug|x86.ActiveCfg = Debug|Any CPU
		{11841F56-7603-40D9-BC06-10EBBE17D905}.Debug|x86.Build.0 = Debug|Any CPU
		{11841F56-7603-40D9-BC06-10EBBE17D905}.Release|Any CPU.ActiveCfg = Release|Any CPU
		{11841F56-7603-40D9-BC06-10EBBE17D905}.Release|Any CPU.Build.0 = Release|Any CPU
		{11841F56-7603-40D9-BC06-10EBBE17D905}.Release|x64.ActiveCfg = Release|Any CPU
		{11841F56-7603-40D9-BC06-10EBBE17D905}.Release|x64.Build.0 = Release|Any CPU
		{11841F56-7603-40D9-BC06-10EBBE17D905}.Release|x86.ActiveCfg = Release|Any CPU
		{11841F56-7603-40D9-BC06-10EBBE17D905}.Release|x86.Build.0 = Release|Any CPU
		{CD47A2B9-D3D6-40CF-AE0A-B571EF9F7793}.Debug|Any CPU.ActiveCfg = Debug|Any CPU
		{CD47A2B9-D3D6-40CF-AE0A-B571EF9F7793}.Debug|Any CPU.Build.0 = Debug|Any CPU
		{CD47A2B9-D3D6-40CF-AE0A-B571EF9F7793}.Debug|x64.ActiveCfg = Debug|Any CPU
		{CD47A2B9-D3D6-40CF-AE0A-B571EF9F7793}.Debug|x64.Build.0 = Debug|Any CPU
		{CD47A2B9-D3D6-40CF-AE0A-B571EF9F7793}.Debug|x86.ActiveCfg = Debug|Any CPU
		{CD47A2B9-D3D6-40CF-AE0A-B571EF9F7793}.Debug|x86.Build.0 = Debug|Any CPU
		{CD47A2B9-D3D6-40CF-AE0A-B571EF9F7793}.Release|Any CPU.ActiveCfg = Release|Any CPU
		{CD47A2B9-D3D6-40CF-AE0A-B571EF9F7793}.Release|Any CPU.Build.0 = Release|Any CPU
		{CD47A2B9-D3D6-40CF-AE0A-B571EF9F7793}.Release|x64.ActiveCfg = Release|Any CPU
		{CD47A2B9-D3D6-40CF-AE0A-B571EF9F7793}.Release|x64.Build.0 = Release|Any CPU
		{CD47A2B9-D3D6-40CF-AE0A-B571EF9F7793}.Release|x86.ActiveCfg = Release|Any CPU
		{CD47A2B9-D3D6-40CF-AE0A-B571EF9F7793}.Release|x86.Build.0 = Release|Any CPU
		{50F26B27-32B6-4D66-ADD5-CC9C38373B19}.Debug|Any CPU.ActiveCfg = Debug|Any CPU
		{50F26B27-32B6-4D66-ADD5-CC9C38373B19}.Debug|Any CPU.Build.0 = Debug|Any CPU
		{50F26B27-32B6-4D66-ADD5-CC9C38373B19}.Debug|x64.ActiveCfg = Debug|Any CPU
		{50F26B27-32B6-4D66-ADD5-CC9C38373B19}.Debug|x64.Build.0 = Debug|Any CPU
		{50F26B27-32B6-4D66-ADD5-CC9C38373B19}.Debug|x86.ActiveCfg = Debug|Any CPU
		{50F26B27-32B6-4D66-ADD5-CC9C38373B19}.Debug|x86.Build.0 = Debug|Any CPU
		{50F26B27-32B6-4D66-ADD5-CC9C38373B19}.Release|Any CPU.ActiveCfg = Release|Any CPU
		{50F26B27-32B6-4D66-ADD5-CC9C38373B19}.Release|Any CPU.Build.0 = Release|Any CPU
		{50F26B27-32B6-4D66-ADD5-CC9C38373B19}.Release|x64.ActiveCfg = Release|Any CPU
		{50F26B27-32B6-4D66-ADD5-CC9C38373B19}.Release|x64.Build.0 = Release|Any CPU
		{50F26B27-32B6-4D66-ADD5-CC9C38373B19}.Release|x86.ActiveCfg = Release|Any CPU
		{50F26B27-32B6-4D66-ADD5-CC9C38373B19}.Release|x86.Build.0 = Release|Any CPU
		{46A89F89-77B3-4679-A82F-04A552545B16}.Debug|Any CPU.ActiveCfg = Debug|Any CPU
		{46A89F89-77B3-4679-A82F-04A552545B16}.Debug|Any CPU.Build.0 = Debug|Any CPU
		{46A89F89-77B3-4679-A82F-04A552545B16}.Debug|x64.ActiveCfg = Debug|Any CPU
		{46A89F89-77B3-4679-A82F-04A552545B16}.Debug|x64.Build.0 = Debug|Any CPU
		{46A89F89-77B3-4679-A82F-04A552545B16}.Debug|x86.ActiveCfg = Debug|Any CPU
		{46A89F89-77B3-4679-A82F-04A552545B16}.Debug|x86.Build.0 = Debug|Any CPU
		{46A89F89-77B3-4679-A82F-04A552545B16}.Release|Any CPU.ActiveCfg = Release|Any CPU
		{46A89F89-77B3-4679-A82F-04A552545B16}.Release|Any CPU.Build.0 = Release|Any CPU
		{46A89F89-77B3-4679-A82F-04A552545B16}.Release|x64.ActiveCfg = Release|Any CPU
		{46A89F89-77B3-4679-A82F-04A552545B16}.Release|x64.Build.0 = Release|Any CPU
		{46A89F89-77B3-4679-A82F-04A552545B16}.Release|x86.ActiveCfg = Release|Any CPU
		{46A89F89-77B3-4679-A82F-04A552545B16}.Release|x86.Build.0 = Release|Any CPU
		{69CF4437-59F7-4304-9AE1-4B58E1A93367}.Debug|Any CPU.ActiveCfg = Debug|Any CPU
		{69CF4437-59F7-4304-9AE1-4B58E1A93367}.Debug|Any CPU.Build.0 = Debug|Any CPU
		{69CF4437-59F7-4304-9AE1-4B58E1A93367}.Debug|x64.ActiveCfg = Debug|Any CPU
		{69CF4437-59F7-4304-9AE1-4B58E1A93367}.Debug|x64.Build.0 = Debug|Any CPU
		{69CF4437-59F7-4304-9AE1-4B58E1A93367}.Debug|x86.ActiveCfg = Debug|Any CPU
		{69CF4437-59F7-4304-9AE1-4B58E1A93367}.Debug|x86.Build.0 = Debug|Any CPU
		{69CF4437-59F7-4304-9AE1-4B58E1A93367}.Release|Any CPU.ActiveCfg = Release|Any CPU
		{69CF4437-59F7-4304-9AE1-4B58E1A93367}.Release|Any CPU.Build.0 = Release|Any CPU
		{69CF4437-59F7-4304-9AE1-4B58E1A93367}.Release|x64.ActiveCfg = Release|Any CPU
		{69CF4437-59F7-4304-9AE1-4B58E1A93367}.Release|x64.Build.0 = Release|Any CPU
		{69CF4437-59F7-4304-9AE1-4B58E1A93367}.Release|x86.ActiveCfg = Release|Any CPU
		{69CF4437-59F7-4304-9AE1-4B58E1A93367}.Release|x86.Build.0 = Release|Any CPU
		{AF6E05E0-9C51-4D52-AC7E-056714CAC5F4}.Debug|Any CPU.ActiveCfg = Debug|Any CPU
		{AF6E05E0-9C51-4D52-AC7E-056714CAC5F4}.Debug|Any CPU.Build.0 = Debug|Any CPU
		{AF6E05E0-9C51-4D52-AC7E-056714CAC5F4}.Debug|x64.ActiveCfg = Debug|Any CPU
		{AF6E05E0-9C51-4D52-AC7E-056714CAC5F4}.Debug|x64.Build.0 = Debug|Any CPU
		{AF6E05E0-9C51-4D52-AC7E-056714CAC5F4}.Debug|x86.ActiveCfg = Debug|Any CPU
		{AF6E05E0-9C51-4D52-AC7E-056714CAC5F4}.Debug|x86.Build.0 = Debug|Any CPU
		{AF6E05E0-9C51-4D52-AC7E-056714CAC5F4}.Release|Any CPU.ActiveCfg = Release|Any CPU
		{AF6E05E0-9C51-4D52-AC7E-056714CAC5F4}.Release|Any CPU.Build.0 = Release|Any CPU
		{AF6E05E0-9C51-4D52-AC7E-056714CAC5F4}.Release|x64.ActiveCfg = Release|Any CPU
		{AF6E05E0-9C51-4D52-AC7E-056714CAC5F4}.Release|x64.Build.0 = Release|Any CPU
		{AF6E05E0-9C51-4D52-AC7E-056714CAC5F4}.Release|x86.ActiveCfg = Release|Any CPU
		{AF6E05E0-9C51-4D52-AC7E-056714CAC5F4}.Release|x86.Build.0 = Release|Any CPU
		{ED11DCF5-E925-417A-99E0-B8AD615874EA}.Debug|Any CPU.ActiveCfg = Debug|Any CPU
		{ED11DCF5-E925-417A-99E0-B8AD615874EA}.Debug|Any CPU.Build.0 = Debug|Any CPU
		{ED11DCF5-E925-417A-99E0-B8AD615874EA}.Debug|x64.ActiveCfg = Debug|Any CPU
		{ED11DCF5-E925-417A-99E0-B8AD615874EA}.Debug|x64.Build.0 = Debug|Any CPU
		{ED11DCF5-E925-417A-99E0-B8AD615874EA}.Debug|x86.ActiveCfg = Debug|Any CPU
		{ED11DCF5-E925-417A-99E0-B8AD615874EA}.Debug|x86.Build.0 = Debug|Any CPU
		{ED11DCF5-E925-417A-99E0-B8AD615874EA}.Release|Any CPU.ActiveCfg = Release|Any CPU
		{ED11DCF5-E925-417A-99E0-B8AD615874EA}.Release|Any CPU.Build.0 = Release|Any CPU
		{ED11DCF5-E925-417A-99E0-B8AD615874EA}.Release|x64.ActiveCfg = Release|Any CPU
		{ED11DCF5-E925-417A-99E0-B8AD615874EA}.Release|x64.Build.0 = Release|Any CPU
		{ED11DCF5-E925-417A-99E0-B8AD615874EA}.Release|x86.ActiveCfg = Release|Any CPU
		{ED11DCF5-E925-417A-99E0-B8AD615874EA}.Release|x86.Build.0 = Release|Any CPU
		{A11CC2E1-51C3-4DE8-A4B3-F05D37EDAB8C}.Debug|Any CPU.ActiveCfg = Debug|Any CPU
		{A11CC2E1-51C3-4DE8-A4B3-F05D37EDAB8C}.Debug|Any CPU.Build.0 = Debug|Any CPU
		{A11CC2E1-51C3-4DE8-A4B3-F05D37EDAB8C}.Debug|x64.ActiveCfg = Debug|Any CPU
		{A11CC2E1-51C3-4DE8-A4B3-F05D37EDAB8C}.Debug|x64.Build.0 = Debug|Any CPU
		{A11CC2E1-51C3-4DE8-A4B3-F05D37EDAB8C}.Debug|x86.ActiveCfg = Debug|Any CPU
		{A11CC2E1-51C3-4DE8-A4B3-F05D37EDAB8C}.Debug|x86.Build.0 = Debug|Any CPU
		{A11CC2E1-51C3-4DE8-A4B3-F05D37EDAB8C}.Release|Any CPU.ActiveCfg = Release|Any CPU
		{A11CC2E1-51C3-4DE8-A4B3-F05D37EDAB8C}.Release|Any CPU.Build.0 = Release|Any CPU
		{A11CC2E1-51C3-4DE8-A4B3-F05D37EDAB8C}.Release|x64.ActiveCfg = Release|Any CPU
		{A11CC2E1-51C3-4DE8-A4B3-F05D37EDAB8C}.Release|x64.Build.0 = Release|Any CPU
		{A11CC2E1-51C3-4DE8-A4B3-F05D37EDAB8C}.Release|x86.ActiveCfg = Release|Any CPU
		{A11CC2E1-51C3-4DE8-A4B3-F05D37EDAB8C}.Release|x86.Build.0 = Release|Any CPU
		{62901DA5-46F5-40E6-B680-D55F3AAE0323}.Debug|Any CPU.ActiveCfg = Debug|Any CPU
		{62901DA5-46F5-40E6-B680-D55F3AAE0323}.Debug|Any CPU.Build.0 = Debug|Any CPU
		{62901DA5-46F5-40E6-B680-D55F3AAE0323}.Debug|x64.ActiveCfg = Debug|Any CPU
		{62901DA5-46F5-40E6-B680-D55F3AAE0323}.Debug|x64.Build.0 = Debug|Any CPU
		{62901DA5-46F5-40E6-B680-D55F3AAE0323}.Debug|x86.ActiveCfg = Debug|Any CPU
		{62901DA5-46F5-40E6-B680-D55F3AAE0323}.Debug|x86.Build.0 = Debug|Any CPU
		{62901DA5-46F5-40E6-B680-D55F3AAE0323}.Release|Any CPU.ActiveCfg = Release|Any CPU
		{62901DA5-46F5-40E6-B680-D55F3AAE0323}.Release|Any CPU.Build.0 = Release|Any CPU
		{62901DA5-46F5-40E6-B680-D55F3AAE0323}.Release|x64.ActiveCfg = Release|Any CPU
		{62901DA5-46F5-40E6-B680-D55F3AAE0323}.Release|x64.Build.0 = Release|Any CPU
		{62901DA5-46F5-40E6-B680-D55F3AAE0323}.Release|x86.ActiveCfg = Release|Any CPU
		{62901DA5-46F5-40E6-B680-D55F3AAE0323}.Release|x86.Build.0 = Release|Any CPU
		{95686EFE-3457-42A1-B94C-FE0FF5A1A256}.Debug|Any CPU.ActiveCfg = Debug|Any CPU
		{95686EFE-3457-42A1-B94C-FE0FF5A1A256}.Debug|Any CPU.Build.0 = Debug|Any CPU
		{95686EFE-3457-42A1-B94C-FE0FF5A1A256}.Debug|x64.ActiveCfg = Debug|Any CPU
		{95686EFE-3457-42A1-B94C-FE0FF5A1A256}.Debug|x64.Build.0 = Debug|Any CPU
		{95686EFE-3457-42A1-B94C-FE0FF5A1A256}.Debug|x86.ActiveCfg = Debug|Any CPU
		{95686EFE-3457-42A1-B94C-FE0FF5A1A256}.Debug|x86.Build.0 = Debug|Any CPU
		{95686EFE-3457-42A1-B94C-FE0FF5A1A256}.Release|Any CPU.ActiveCfg = Release|Any CPU
		{95686EFE-3457-42A1-B94C-FE0FF5A1A256}.Release|Any CPU.Build.0 = Release|Any CPU
		{95686EFE-3457-42A1-B94C-FE0FF5A1A256}.Release|x64.ActiveCfg = Release|Any CPU
		{95686EFE-3457-42A1-B94C-FE0FF5A1A256}.Release|x64.Build.0 = Release|Any CPU
		{95686EFE-3457-42A1-B94C-FE0FF5A1A256}.Release|x86.ActiveCfg = Release|Any CPU
		{95686EFE-3457-42A1-B94C-FE0FF5A1A256}.Release|x86.Build.0 = Release|Any CPU
		{66DC1792-099B-4477-9A98-F4993BD0DDD0}.Debug|Any CPU.ActiveCfg = Debug|Any CPU
		{66DC1792-099B-4477-9A98-F4993BD0DDD0}.Debug|Any CPU.Build.0 = Debug|Any CPU
		{66DC1792-099B-4477-9A98-F4993BD0DDD0}.Debug|x64.ActiveCfg = Debug|Any CPU
		{66DC1792-099B-4477-9A98-F4993BD0DDD0}.Debug|x64.Build.0 = Debug|Any CPU
		{66DC1792-099B-4477-9A98-F4993BD0DDD0}.Debug|x86.ActiveCfg = Debug|Any CPU
		{66DC1792-099B-4477-9A98-F4993BD0DDD0}.Debug|x86.Build.0 = Debug|Any CPU
		{66DC1792-099B-4477-9A98-F4993BD0DDD0}.Release|Any CPU.ActiveCfg = Release|Any CPU
		{66DC1792-099B-4477-9A98-F4993BD0DDD0}.Release|Any CPU.Build.0 = Release|Any CPU
		{66DC1792-099B-4477-9A98-F4993BD0DDD0}.Release|x64.ActiveCfg = Release|Any CPU
		{66DC1792-099B-4477-9A98-F4993BD0DDD0}.Release|x64.Build.0 = Release|Any CPU
		{66DC1792-099B-4477-9A98-F4993BD0DDD0}.Release|x86.ActiveCfg = Release|Any CPU
		{66DC1792-099B-4477-9A98-F4993BD0DDD0}.Release|x86.Build.0 = Release|Any CPU
	EndGlobalSection
	GlobalSection(SolutionProperties) = preSolution
		HideSolutionNode = FALSE
	EndGlobalSection
	GlobalSection(NestedProjects) = preSolution
		{6842A2C6-5C7B-42DD-9825-0EDE91BFEBF7} = {4FD2509D-2D85-4ED3-9A64-1691E62B6900}
		{C9718C94-2F21-4E8D-B55D-8F0B1A131346} = {EA3CA547-452A-4D9E-BDB3-3BC5D7F15ACA}
		{7A2A3176-DBA1-4026-AF65-8E36B4F09B01} = {C9718C94-2F21-4E8D-B55D-8F0B1A131346}
		{FD15E196-1C63-47D6-8AD5-64F015120B4B} = {EA3CA547-452A-4D9E-BDB3-3BC5D7F15ACA}
		{1565E50D-3BF1-407E-842A-169F4F86513D} = {EA3CA547-452A-4D9E-BDB3-3BC5D7F15ACA}
		{F07CABFC-DC6A-4B5B-BC56-B10EEC2C0BFA} = {EA3CA547-452A-4D9E-BDB3-3BC5D7F15ACA}
		{9020C7C6-C366-4BD3-8C8A-F81394EC7174} = {EA3CA547-452A-4D9E-BDB3-3BC5D7F15ACA}
		{8238D9F3-E158-4633-8017-B29AA3AD61F7} = {EA3CA547-452A-4D9E-BDB3-3BC5D7F15ACA}
		{1FBF178D-3F9B-46C5-9D50-21D4D547113E} = {F07CABFC-DC6A-4B5B-BC56-B10EEC2C0BFA}
		{367CB262-5FB0-42DA-A6CA-D22147E4B7BE} = {F07CABFC-DC6A-4B5B-BC56-B10EEC2C0BFA}
		{44CA62B1-EE9A-41BC-A23E-D0A2F3791D76} = {F07CABFC-DC6A-4B5B-BC56-B10EEC2C0BFA}
		{DB186ABF-C51D-432F-B9F3-A13B53B1BD07} = {F07CABFC-DC6A-4B5B-BC56-B10EEC2C0BFA}
		{CB8B28DE-456A-4B8E-85A6-2C50CEE08CA2} = {FD15E196-1C63-47D6-8AD5-64F015120B4B}
		{EA623F04-DADA-4714-B2C5-44C82E211492} = {8238D9F3-E158-4633-8017-B29AA3AD61F7}
		{C6833D95-14A8-499A-85E4-C09FA094DCE8} = {8238D9F3-E158-4633-8017-B29AA3AD61F7}
		{7DF67686-3F46-4569-935F-4A9E9903B575} = {8238D9F3-E158-4633-8017-B29AA3AD61F7}
		{11841F56-7603-40D9-BC06-10EBBE17D905} = {8238D9F3-E158-4633-8017-B29AA3AD61F7}
		{CD47A2B9-D3D6-40CF-AE0A-B571EF9F7793} = {8238D9F3-E158-4633-8017-B29AA3AD61F7}
		{50F26B27-32B6-4D66-ADD5-CC9C38373B19} = {8238D9F3-E158-4633-8017-B29AA3AD61F7}
		{46A89F89-77B3-4679-A82F-04A552545B16} = {8238D9F3-E158-4633-8017-B29AA3AD61F7}
		{69CF4437-59F7-4304-9AE1-4B58E1A93367} = {C9718C94-2F21-4E8D-B55D-8F0B1A131346}
		{AF6E05E0-9C51-4D52-AC7E-056714CAC5F4} = {9020C7C6-C366-4BD3-8C8A-F81394EC7174}
		{ED11DCF5-E925-417A-99E0-B8AD615874EA} = {F07CABFC-DC6A-4B5B-BC56-B10EEC2C0BFA}
		{A11CC2E1-51C3-4DE8-A4B3-F05D37EDAB8C} = {F07CABFC-DC6A-4B5B-BC56-B10EEC2C0BFA}
		{62901DA5-46F5-40E6-B680-D55F3AAE0323} = {F07CABFC-DC6A-4B5B-BC56-B10EEC2C0BFA}
		{95686EFE-3457-42A1-B94C-FE0FF5A1A256} = {F07CABFC-DC6A-4B5B-BC56-B10EEC2C0BFA}
		{66DC1792-099B-4477-9A98-F4993BD0DDD0} = {F07CABFC-DC6A-4B5B-BC56-B10EEC2C0BFA}
	EndGlobalSection
	GlobalSection(ExtensibilityGlobals) = postSolution
		SolutionGuid = {F5273D7F-3334-48DF-94E3-41AE6816CD4D}
	EndGlobalSection
EndGlobal
