
Microsoft Visual Studio Solution File, Format Version 12.00
# Visual Studio Version 16
VisualStudioVersion = 16.0.30517.126
MinimumVisualStudioVersion = 15.0.26124.0
Project("{2150E333-8FDC-42A3-9474-1A3956D46DE8}") = "examples", "examples", "{4FD2509D-2D85-4ED3-9A64-1691E62B6900}"
EndProject
Project("{2150E333-8FDC-42A3-9474-1A3956D46DE8}") = "CSharp", "CSharp", "{6842A2C6-5C7B-42DD-9825-0EDE91BFEBF7}"
	ProjectSection(SolutionItems) = preProject
		examples\CSharp\Directory.Build.props = examples\CSharp\Directory.Build.props
	EndProjectSection
EndProject
Project("{2150E333-8FDC-42A3-9474-1A3956D46DE8}") = "src", "src", "{EA3CA547-452A-4D9E-BDB3-3BC5D7F15ACA}"
	ProjectSection(SolutionItems) = preProject
		src\Directory.Build.props = src\Directory.Build.props
		src\Directory.Build.targets = src\Directory.Build.targets
	EndProjectSection
EndProject
Project("{2150E333-8FDC-42A3-9474-1A3956D46DE8}") = "libraries", "libraries", "{C9718C94-2F21-4E8D-B55D-8F0B1A131346}"
EndProject
Project("{FAE04EC0-301F-11D3-BF4B-00C04F79EFBC}") = "Silk.NET.Maths", "src\libraries\Silk.NET.Maths\Silk.NET.Maths.csproj", "{7A2A3176-DBA1-4026-AF65-8E36B4F09B01}"
EndProject
Project("{2150E333-8FDC-42A3-9474-1A3956D46DE8}") = "benchmarks", "benchmarks", "{FD15E196-1C63-47D6-8AD5-64F015120B4B}"
EndProject
Project("{2150E333-8FDC-42A3-9474-1A3956D46DE8}") = "infrastructure", "infrastructure", "{F07CABFC-DC6A-4B5B-BC56-B10EEC2C0BFA}"
	ProjectSection(SolutionItems) = preProject
		src\infrastructure\.gitignore = src\infrastructure\.gitignore
		src\infrastructure\Directory.Build.targets = src\infrastructure\Directory.Build.targets
		src\infrastructure\README.md = src\infrastructure\README.md
	EndProjectSection
EndProject
Project("{2150E333-8FDC-42A3-9474-1A3956D46DE8}") = "bindings", "bindings", "{9020C7C6-C366-4BD3-8C8A-F81394EC7174}"
	ProjectSection(SolutionItems) = preProject
		src\bindings\silktouch.json = src\bindings\silktouch.json
		src\bindings\Directory.Build.targets = src\bindings\Directory.Build.targets
	EndProjectSection
EndProject
Project("{2150E333-8FDC-42A3-9474-1A3956D46DE8}") = "generators", "generators", "{8238D9F3-E158-4633-8017-B29AA3AD61F7}"
	ProjectSection(SolutionItems) = preProject
		src\generators\README.md = src\generators\README.md
	EndProjectSection
EndProject
Project("{FAE04EC0-301F-11D3-BF4B-00C04F79EFBC}") = "Silk.NET.Maths.Benchmarks", "src\benchmarks\Silk.NET.Maths.Benchmarks\Silk.NET.Maths.Benchmarks.csproj", "{CB8B28DE-456A-4B8E-85A6-2C50CEE08CA2}"
EndProject
Project("{FAE04EC0-301F-11D3-BF4B-00C04F79EFBC}") = "Silk.NET.SilkTouch.Scraper", "src\generators\Silk.NET.SilkTouch.Scraper\Silk.NET.SilkTouch.Scraper.csproj", "{EA623F04-DADA-4714-B2C5-44C82E211492}"
EndProject
Project("{FAE04EC0-301F-11D3-BF4B-00C04F79EFBC}") = "Silk.NET.SilkTouch.Emitter", "src\generators\Silk.NET.SilkTouch.Emitter\Silk.NET.SilkTouch.Emitter.csproj", "{50F26B27-32B6-4D66-ADD5-CC9C38373B19}"
EndProject
Project("{FAE04EC0-301F-11D3-BF4B-00C04F79EFBC}") = "Silk.NET.Core", "src\libraries\Silk.NET.Core\Silk.NET.Core.csproj", "{69CF4437-59F7-4304-9AE1-4B58E1A93367}"
EndProject
Project("{FAE04EC0-301F-11D3-BF4B-00C04F79EFBC}") = "Silk.NET.Vulkan", "src\bindings\Silk.NET.Vulkan\Silk.NET.Vulkan.csproj", "{AF6E05E0-9C51-4D52-AC7E-056714CAC5F4}"
EndProject
Project("{2150E333-8FDC-42A3-9474-1A3956D46DE8}") = "tests", "tests", "{94D5D1E1-B998-4CB1-9D04-DA138A2B0F3C}"
EndProject
Project("{FAE04EC0-301F-11D3-BF4B-00C04F79EFBC}") = "Silk.NET.Maths.Tests", "tests\Silk.NET.Maths.Tests\Silk.NET.Maths.Tests.csproj", "{A0726B46-F2F6-4996-A640-1BD01EEBAF07}"
EndProject
Project("{FAE04EC0-301F-11D3-BF4B-00C04F79EFBC}") = "Silk.NET.Statiq", "src\infrastructure\Silk.NET.Statiq\Silk.NET.Statiq.csproj", "{ED11DCF5-E925-417A-99E0-B8AD615874EA}"
EndProject
Project("{FAE04EC0-301F-11D3-BF4B-00C04F79EFBC}") = "Silk.NET.Statiq.TableOfContents", "src\infrastructure\Silk.NET.Statiq.TableOfContents\Silk.NET.Statiq.TableOfContents.csproj", "{A11CC2E1-51C3-4DE8-A4B3-F05D37EDAB8C}"
EndProject
Project("{FAE04EC0-301F-11D3-BF4B-00C04F79EFBC}") = "Silk.NET.SilkTouch.Emitter.Tests", "tests\Silk.NET.SilkTouch.Emitter.Tests\Silk.NET.SilkTouch.Emitter.Tests.csproj", "{2B1A2B37-649F-4F6E-90E9-EC3B28D0A3CC}"
EndProject
Project("{FAE04EC0-301F-11D3-BF4B-00C04F79EFBC}") = "Silk.NET.SilkTouch.Symbols", "src\generators\Silk.NET.SilkTouch.Symbols\Silk.NET.SilkTouch.Symbols.csproj", "{97AF0383-2665-446E-9FBD-218051422B13}"
EndProject
Project("{FAE04EC0-301F-11D3-BF4B-00C04F79EFBC}") = "Silk.NET.SilkTouch.Symbols.Tests", "tests\Silk.NET.SilkTouch.Symbols.Tests\Silk.NET.SilkTouch.Symbols.Tests.csproj", "{795A93A6-9578-439F-BB08-07B148B1D4CE}"
EndProject
Project("{FAE04EC0-301F-11D3-BF4B-00C04F79EFBC}") = "Silk.NET.SilkTouch.Scraper.Tests", "tests\Silk.NET.SilkTouch.Scraper.Tests\Silk.NET.SilkTouch.Scraper.Tests.csproj", "{5329AC43-7177-4953-AFAB-A9FA7B9A4C7C}"
EndProject
Project("{FAE04EC0-301F-11D3-BF4B-00C04F79EFBC}") = "Silk.NET.SilkTouch.IntegrationTests", "tests\Silk.NET.SilkTouch.IntegrationTests\Silk.NET.SilkTouch.IntegrationTests.csproj", "{66FE736C-C407-44C3-A94E-4345E22AA95E}"
EndProject
Project("{FAE04EC0-301F-11D3-BF4B-00C04F79EFBC}") = "Silk.NET.SilkTouch.TestFramework", "tests\Silk.NET.SilkTouch.TestFramework\Silk.NET.SilkTouch.TestFramework.csproj", "{381D1039-3259-488F-BB25-D90EE63A3E82}"
EndProject
Project("{FAE04EC0-301F-11D3-BF4B-00C04F79EFBC}") = "Silk.NET.SilkTouch.TypeResolution", "src\generators\Silk.NET.SilkTouch.TypeResolution\Silk.NET.SilkTouch.TypeResolution.csproj", "{7D181E77-CAD4-4288-AC0A-9C4D55ED1EC2}"
EndProject
Project("{FAE04EC0-301F-11D3-BF4B-00C04F79EFBC}") = "Silk.NET.SilkTouch.TypeResolution.Tests", "tests\Silk.NET.SilkTouch.TypeResolution.Tests\Silk.NET.SilkTouch.TypeResolution.Tests.csproj", "{89E8EDA4-EB19-45FC-AFA1-B6A16211A9EE}"
EndProject
Project("{FAE04EC0-301F-11D3-BF4B-00C04F79EFBC}") = "Silk.NET.SilkTouch.DotnetTool", "src\generators\Silk.NET.SilkTouch.DotnetTool\Silk.NET.SilkTouch.DotnetTool.csproj", "{50F2BCCC-BDC8-4694-B55E-583A6A77E1CF}"
EndProject
Project("{FAE04EC0-301F-11D3-BF4B-00C04F79EFBC}") = "Silk.NET.SilkTouch.Tests.Common", "tests\Silk.NET.SilkTouch.Tests.Common\Silk.NET.SilkTouch.Tests.Common.csproj", "{F46AC88E-8A7E-4B6F-BC8F-8848B3DD3CCF}"
EndProject
Global
	GlobalSection(SolutionConfigurationPlatforms) = preSolution
		Debug|Any CPU = Debug|Any CPU
		Debug|x64 = Debug|x64
		Debug|x86 = Debug|x86
		Release|Any CPU = Release|Any CPU
		Release|x64 = Release|x64
		Release|x86 = Release|x86
	EndGlobalSection
	GlobalSection(ProjectConfigurationPlatforms) = postSolution
		{7A2A3176-DBA1-4026-AF65-8E36B4F09B01}.Debug|Any CPU.ActiveCfg = Debug|Any CPU
		{7A2A3176-DBA1-4026-AF65-8E36B4F09B01}.Debug|Any CPU.Build.0 = Debug|Any CPU
		{7A2A3176-DBA1-4026-AF65-8E36B4F09B01}.Debug|x64.ActiveCfg = Debug|Any CPU
		{7A2A3176-DBA1-4026-AF65-8E36B4F09B01}.Debug|x64.Build.0 = Debug|Any CPU
		{7A2A3176-DBA1-4026-AF65-8E36B4F09B01}.Debug|x86.ActiveCfg = Debug|Any CPU
		{7A2A3176-DBA1-4026-AF65-8E36B4F09B01}.Debug|x86.Build.0 = Debug|Any CPU
		{7A2A3176-DBA1-4026-AF65-8E36B4F09B01}.Release|Any CPU.ActiveCfg = Release|Any CPU
		{7A2A3176-DBA1-4026-AF65-8E36B4F09B01}.Release|Any CPU.Build.0 = Release|Any CPU
		{7A2A3176-DBA1-4026-AF65-8E36B4F09B01}.Release|x64.ActiveCfg = Release|Any CPU
		{7A2A3176-DBA1-4026-AF65-8E36B4F09B01}.Release|x64.Build.0 = Release|Any CPU
		{7A2A3176-DBA1-4026-AF65-8E36B4F09B01}.Release|x86.ActiveCfg = Release|Any CPU
		{7A2A3176-DBA1-4026-AF65-8E36B4F09B01}.Release|x86.Build.0 = Release|Any CPU
		{CB8B28DE-456A-4B8E-85A6-2C50CEE08CA2}.Debug|Any CPU.ActiveCfg = Debug|Any CPU
		{CB8B28DE-456A-4B8E-85A6-2C50CEE08CA2}.Debug|Any CPU.Build.0 = Debug|Any CPU
		{CB8B28DE-456A-4B8E-85A6-2C50CEE08CA2}.Debug|x64.ActiveCfg = Debug|Any CPU
		{CB8B28DE-456A-4B8E-85A6-2C50CEE08CA2}.Debug|x64.Build.0 = Debug|Any CPU
		{CB8B28DE-456A-4B8E-85A6-2C50CEE08CA2}.Debug|x86.ActiveCfg = Debug|Any CPU
		{CB8B28DE-456A-4B8E-85A6-2C50CEE08CA2}.Debug|x86.Build.0 = Debug|Any CPU
		{CB8B28DE-456A-4B8E-85A6-2C50CEE08CA2}.Release|Any CPU.ActiveCfg = Release|Any CPU
		{CB8B28DE-456A-4B8E-85A6-2C50CEE08CA2}.Release|Any CPU.Build.0 = Release|Any CPU
		{CB8B28DE-456A-4B8E-85A6-2C50CEE08CA2}.Release|x64.ActiveCfg = Release|Any CPU
		{CB8B28DE-456A-4B8E-85A6-2C50CEE08CA2}.Release|x64.Build.0 = Release|Any CPU
		{CB8B28DE-456A-4B8E-85A6-2C50CEE08CA2}.Release|x86.ActiveCfg = Release|Any CPU
		{CB8B28DE-456A-4B8E-85A6-2C50CEE08CA2}.Release|x86.Build.0 = Release|Any CPU
		{EA623F04-DADA-4714-B2C5-44C82E211492}.Debug|Any CPU.ActiveCfg = Debug|Any CPU
		{EA623F04-DADA-4714-B2C5-44C82E211492}.Debug|Any CPU.Build.0 = Debug|Any CPU
		{EA623F04-DADA-4714-B2C5-44C82E211492}.Debug|x64.ActiveCfg = Debug|Any CPU
		{EA623F04-DADA-4714-B2C5-44C82E211492}.Debug|x64.Build.0 = Debug|Any CPU
		{EA623F04-DADA-4714-B2C5-44C82E211492}.Debug|x86.ActiveCfg = Debug|Any CPU
		{EA623F04-DADA-4714-B2C5-44C82E211492}.Debug|x86.Build.0 = Debug|Any CPU
		{EA623F04-DADA-4714-B2C5-44C82E211492}.Release|Any CPU.ActiveCfg = Release|Any CPU
		{EA623F04-DADA-4714-B2C5-44C82E211492}.Release|Any CPU.Build.0 = Release|Any CPU
		{EA623F04-DADA-4714-B2C5-44C82E211492}.Release|x64.ActiveCfg = Release|Any CPU
		{EA623F04-DADA-4714-B2C5-44C82E211492}.Release|x64.Build.0 = Release|Any CPU
		{EA623F04-DADA-4714-B2C5-44C82E211492}.Release|x86.ActiveCfg = Release|Any CPU
		{EA623F04-DADA-4714-B2C5-44C82E211492}.Release|x86.Build.0 = Release|Any CPU
		{50F26B27-32B6-4D66-ADD5-CC9C38373B19}.Debug|Any CPU.ActiveCfg = Debug|Any CPU
		{50F26B27-32B6-4D66-ADD5-CC9C38373B19}.Debug|Any CPU.Build.0 = Debug|Any CPU
		{50F26B27-32B6-4D66-ADD5-CC9C38373B19}.Debug|x64.ActiveCfg = Debug|Any CPU
		{50F26B27-32B6-4D66-ADD5-CC9C38373B19}.Debug|x64.Build.0 = Debug|Any CPU
		{50F26B27-32B6-4D66-ADD5-CC9C38373B19}.Debug|x86.ActiveCfg = Debug|Any CPU
		{50F26B27-32B6-4D66-ADD5-CC9C38373B19}.Debug|x86.Build.0 = Debug|Any CPU
		{50F26B27-32B6-4D66-ADD5-CC9C38373B19}.Release|Any CPU.ActiveCfg = Release|Any CPU
		{50F26B27-32B6-4D66-ADD5-CC9C38373B19}.Release|Any CPU.Build.0 = Release|Any CPU
		{50F26B27-32B6-4D66-ADD5-CC9C38373B19}.Release|x64.ActiveCfg = Release|Any CPU
		{50F26B27-32B6-4D66-ADD5-CC9C38373B19}.Release|x64.Build.0 = Release|Any CPU
		{50F26B27-32B6-4D66-ADD5-CC9C38373B19}.Release|x86.ActiveCfg = Release|Any CPU
		{50F26B27-32B6-4D66-ADD5-CC9C38373B19}.Release|x86.Build.0 = Release|Any CPU
		{69CF4437-59F7-4304-9AE1-4B58E1A93367}.Debug|Any CPU.ActiveCfg = Debug|Any CPU
		{69CF4437-59F7-4304-9AE1-4B58E1A93367}.Debug|Any CPU.Build.0 = Debug|Any CPU
		{69CF4437-59F7-4304-9AE1-4B58E1A93367}.Debug|x64.ActiveCfg = Debug|Any CPU
		{69CF4437-59F7-4304-9AE1-4B58E1A93367}.Debug|x64.Build.0 = Debug|Any CPU
		{69CF4437-59F7-4304-9AE1-4B58E1A93367}.Debug|x86.ActiveCfg = Debug|Any CPU
		{69CF4437-59F7-4304-9AE1-4B58E1A93367}.Debug|x86.Build.0 = Debug|Any CPU
		{69CF4437-59F7-4304-9AE1-4B58E1A93367}.Release|Any CPU.ActiveCfg = Release|Any CPU
		{69CF4437-59F7-4304-9AE1-4B58E1A93367}.Release|Any CPU.Build.0 = Release|Any CPU
		{69CF4437-59F7-4304-9AE1-4B58E1A93367}.Release|x64.ActiveCfg = Release|Any CPU
		{69CF4437-59F7-4304-9AE1-4B58E1A93367}.Release|x64.Build.0 = Release|Any CPU
		{69CF4437-59F7-4304-9AE1-4B58E1A93367}.Release|x86.ActiveCfg = Release|Any CPU
		{69CF4437-59F7-4304-9AE1-4B58E1A93367}.Release|x86.Build.0 = Release|Any CPU
		{AF6E05E0-9C51-4D52-AC7E-056714CAC5F4}.Debug|Any CPU.ActiveCfg = Debug|Any CPU
		{AF6E05E0-9C51-4D52-AC7E-056714CAC5F4}.Debug|Any CPU.Build.0 = Debug|Any CPU
		{AF6E05E0-9C51-4D52-AC7E-056714CAC5F4}.Debug|x64.ActiveCfg = Debug|Any CPU
		{AF6E05E0-9C51-4D52-AC7E-056714CAC5F4}.Debug|x64.Build.0 = Debug|Any CPU
		{AF6E05E0-9C51-4D52-AC7E-056714CAC5F4}.Debug|x86.ActiveCfg = Debug|Any CPU
		{AF6E05E0-9C51-4D52-AC7E-056714CAC5F4}.Debug|x86.Build.0 = Debug|Any CPU
		{AF6E05E0-9C51-4D52-AC7E-056714CAC5F4}.Release|Any CPU.ActiveCfg = Release|Any CPU
		{AF6E05E0-9C51-4D52-AC7E-056714CAC5F4}.Release|Any CPU.Build.0 = Release|Any CPU
		{AF6E05E0-9C51-4D52-AC7E-056714CAC5F4}.Release|x64.ActiveCfg = Release|Any CPU
		{AF6E05E0-9C51-4D52-AC7E-056714CAC5F4}.Release|x64.Build.0 = Release|Any CPU
		{AF6E05E0-9C51-4D52-AC7E-056714CAC5F4}.Release|x86.ActiveCfg = Release|Any CPU
		{AF6E05E0-9C51-4D52-AC7E-056714CAC5F4}.Release|x86.Build.0 = Release|Any CPU
		{A0726B46-F2F6-4996-A640-1BD01EEBAF07}.Debug|Any CPU.ActiveCfg = Debug|Any CPU
		{A0726B46-F2F6-4996-A640-1BD01EEBAF07}.Debug|Any CPU.Build.0 = Debug|Any CPU
		{A0726B46-F2F6-4996-A640-1BD01EEBAF07}.Debug|x64.ActiveCfg = Debug|Any CPU
		{A0726B46-F2F6-4996-A640-1BD01EEBAF07}.Debug|x64.Build.0 = Debug|Any CPU
		{A0726B46-F2F6-4996-A640-1BD01EEBAF07}.Debug|x86.ActiveCfg = Debug|Any CPU
		{A0726B46-F2F6-4996-A640-1BD01EEBAF07}.Debug|x86.Build.0 = Debug|Any CPU
		{A0726B46-F2F6-4996-A640-1BD01EEBAF07}.Release|Any CPU.ActiveCfg = Release|Any CPU
		{A0726B46-F2F6-4996-A640-1BD01EEBAF07}.Release|Any CPU.Build.0 = Release|Any CPU
		{A0726B46-F2F6-4996-A640-1BD01EEBAF07}.Release|x64.ActiveCfg = Release|Any CPU
		{A0726B46-F2F6-4996-A640-1BD01EEBAF07}.Release|x64.Build.0 = Release|Any CPU
		{A0726B46-F2F6-4996-A640-1BD01EEBAF07}.Release|x86.ActiveCfg = Release|Any CPU
		{A0726B46-F2F6-4996-A640-1BD01EEBAF07}.Release|x86.Build.0 = Release|Any CPU
		{ED11DCF5-E925-417A-99E0-B8AD615874EA}.Debug|Any CPU.ActiveCfg = Debug|Any CPU
		{ED11DCF5-E925-417A-99E0-B8AD615874EA}.Debug|Any CPU.Build.0 = Debug|Any CPU
		{ED11DCF5-E925-417A-99E0-B8AD615874EA}.Debug|x64.ActiveCfg = Debug|Any CPU
		{ED11DCF5-E925-417A-99E0-B8AD615874EA}.Debug|x64.Build.0 = Debug|Any CPU
		{ED11DCF5-E925-417A-99E0-B8AD615874EA}.Debug|x86.ActiveCfg = Debug|Any CPU
		{ED11DCF5-E925-417A-99E0-B8AD615874EA}.Debug|x86.Build.0 = Debug|Any CPU
		{ED11DCF5-E925-417A-99E0-B8AD615874EA}.Release|Any CPU.ActiveCfg = Release|Any CPU
		{ED11DCF5-E925-417A-99E0-B8AD615874EA}.Release|Any CPU.Build.0 = Release|Any CPU
		{ED11DCF5-E925-417A-99E0-B8AD615874EA}.Release|x64.ActiveCfg = Release|Any CPU
		{ED11DCF5-E925-417A-99E0-B8AD615874EA}.Release|x64.Build.0 = Release|Any CPU
		{ED11DCF5-E925-417A-99E0-B8AD615874EA}.Release|x86.ActiveCfg = Release|Any CPU
		{ED11DCF5-E925-417A-99E0-B8AD615874EA}.Release|x86.Build.0 = Release|Any CPU
		{A11CC2E1-51C3-4DE8-A4B3-F05D37EDAB8C}.Debug|Any CPU.ActiveCfg = Debug|Any CPU
		{A11CC2E1-51C3-4DE8-A4B3-F05D37EDAB8C}.Debug|Any CPU.Build.0 = Debug|Any CPU
		{A11CC2E1-51C3-4DE8-A4B3-F05D37EDAB8C}.Debug|x64.ActiveCfg = Debug|Any CPU
		{A11CC2E1-51C3-4DE8-A4B3-F05D37EDAB8C}.Debug|x64.Build.0 = Debug|Any CPU
		{A11CC2E1-51C3-4DE8-A4B3-F05D37EDAB8C}.Debug|x86.ActiveCfg = Debug|Any CPU
		{A11CC2E1-51C3-4DE8-A4B3-F05D37EDAB8C}.Debug|x86.Build.0 = Debug|Any CPU
		{A11CC2E1-51C3-4DE8-A4B3-F05D37EDAB8C}.Release|Any CPU.ActiveCfg = Release|Any CPU
		{A11CC2E1-51C3-4DE8-A4B3-F05D37EDAB8C}.Release|Any CPU.Build.0 = Release|Any CPU
		{A11CC2E1-51C3-4DE8-A4B3-F05D37EDAB8C}.Release|x64.ActiveCfg = Release|Any CPU
		{A11CC2E1-51C3-4DE8-A4B3-F05D37EDAB8C}.Release|x64.Build.0 = Release|Any CPU
		{A11CC2E1-51C3-4DE8-A4B3-F05D37EDAB8C}.Release|x86.ActiveCfg = Release|Any CPU
		{A11CC2E1-51C3-4DE8-A4B3-F05D37EDAB8C}.Release|x86.Build.0 = Release|Any CPU
		{2B1A2B37-649F-4F6E-90E9-EC3B28D0A3CC}.Debug|Any CPU.ActiveCfg = Debug|Any CPU
		{2B1A2B37-649F-4F6E-90E9-EC3B28D0A3CC}.Debug|Any CPU.Build.0 = Debug|Any CPU
		{2B1A2B37-649F-4F6E-90E9-EC3B28D0A3CC}.Debug|x64.ActiveCfg = Debug|Any CPU
		{2B1A2B37-649F-4F6E-90E9-EC3B28D0A3CC}.Debug|x64.Build.0 = Debug|Any CPU
		{2B1A2B37-649F-4F6E-90E9-EC3B28D0A3CC}.Debug|x86.ActiveCfg = Debug|Any CPU
		{2B1A2B37-649F-4F6E-90E9-EC3B28D0A3CC}.Debug|x86.Build.0 = Debug|Any CPU
		{2B1A2B37-649F-4F6E-90E9-EC3B28D0A3CC}.Release|Any CPU.ActiveCfg = Release|Any CPU
		{2B1A2B37-649F-4F6E-90E9-EC3B28D0A3CC}.Release|Any CPU.Build.0 = Release|Any CPU
		{2B1A2B37-649F-4F6E-90E9-EC3B28D0A3CC}.Release|x64.ActiveCfg = Release|Any CPU
		{2B1A2B37-649F-4F6E-90E9-EC3B28D0A3CC}.Release|x64.Build.0 = Release|Any CPU
		{2B1A2B37-649F-4F6E-90E9-EC3B28D0A3CC}.Release|x86.ActiveCfg = Release|Any CPU
		{2B1A2B37-649F-4F6E-90E9-EC3B28D0A3CC}.Release|x86.Build.0 = Release|Any CPU
		{97AF0383-2665-446E-9FBD-218051422B13}.Debug|Any CPU.ActiveCfg = Debug|Any CPU
		{97AF0383-2665-446E-9FBD-218051422B13}.Debug|Any CPU.Build.0 = Debug|Any CPU
		{97AF0383-2665-446E-9FBD-218051422B13}.Debug|x64.ActiveCfg = Debug|Any CPU
		{97AF0383-2665-446E-9FBD-218051422B13}.Debug|x64.Build.0 = Debug|Any CPU
		{97AF0383-2665-446E-9FBD-218051422B13}.Debug|x86.ActiveCfg = Debug|Any CPU
		{97AF0383-2665-446E-9FBD-218051422B13}.Debug|x86.Build.0 = Debug|Any CPU
		{97AF0383-2665-446E-9FBD-218051422B13}.Release|Any CPU.ActiveCfg = Release|Any CPU
		{97AF0383-2665-446E-9FBD-218051422B13}.Release|Any CPU.Build.0 = Release|Any CPU
		{97AF0383-2665-446E-9FBD-218051422B13}.Release|x64.ActiveCfg = Release|Any CPU
		{97AF0383-2665-446E-9FBD-218051422B13}.Release|x64.Build.0 = Release|Any CPU
		{97AF0383-2665-446E-9FBD-218051422B13}.Release|x86.ActiveCfg = Release|Any CPU
		{97AF0383-2665-446E-9FBD-218051422B13}.Release|x86.Build.0 = Release|Any CPU
		{795A93A6-9578-439F-BB08-07B148B1D4CE}.Debug|Any CPU.ActiveCfg = Debug|Any CPU
		{795A93A6-9578-439F-BB08-07B148B1D4CE}.Debug|Any CPU.Build.0 = Debug|Any CPU
		{795A93A6-9578-439F-BB08-07B148B1D4CE}.Debug|x64.ActiveCfg = Debug|Any CPU
		{795A93A6-9578-439F-BB08-07B148B1D4CE}.Debug|x64.Build.0 = Debug|Any CPU
		{795A93A6-9578-439F-BB08-07B148B1D4CE}.Debug|x86.ActiveCfg = Debug|Any CPU
		{795A93A6-9578-439F-BB08-07B148B1D4CE}.Debug|x86.Build.0 = Debug|Any CPU
		{795A93A6-9578-439F-BB08-07B148B1D4CE}.Release|Any CPU.ActiveCfg = Release|Any CPU
		{795A93A6-9578-439F-BB08-07B148B1D4CE}.Release|Any CPU.Build.0 = Release|Any CPU
		{795A93A6-9578-439F-BB08-07B148B1D4CE}.Release|x64.ActiveCfg = Release|Any CPU
		{795A93A6-9578-439F-BB08-07B148B1D4CE}.Release|x64.Build.0 = Release|Any CPU
		{795A93A6-9578-439F-BB08-07B148B1D4CE}.Release|x86.ActiveCfg = Release|Any CPU
		{795A93A6-9578-439F-BB08-07B148B1D4CE}.Release|x86.Build.0 = Release|Any CPU
		{5329AC43-7177-4953-AFAB-A9FA7B9A4C7C}.Debug|Any CPU.ActiveCfg = Debug|Any CPU
		{5329AC43-7177-4953-AFAB-A9FA7B9A4C7C}.Debug|Any CPU.Build.0 = Debug|Any CPU
		{5329AC43-7177-4953-AFAB-A9FA7B9A4C7C}.Debug|x64.ActiveCfg = Debug|Any CPU
		{5329AC43-7177-4953-AFAB-A9FA7B9A4C7C}.Debug|x64.Build.0 = Debug|Any CPU
		{5329AC43-7177-4953-AFAB-A9FA7B9A4C7C}.Debug|x86.ActiveCfg = Debug|Any CPU
		{5329AC43-7177-4953-AFAB-A9FA7B9A4C7C}.Debug|x86.Build.0 = Debug|Any CPU
		{5329AC43-7177-4953-AFAB-A9FA7B9A4C7C}.Release|Any CPU.ActiveCfg = Release|Any CPU
		{5329AC43-7177-4953-AFAB-A9FA7B9A4C7C}.Release|Any CPU.Build.0 = Release|Any CPU
		{5329AC43-7177-4953-AFAB-A9FA7B9A4C7C}.Release|x64.ActiveCfg = Release|Any CPU
		{5329AC43-7177-4953-AFAB-A9FA7B9A4C7C}.Release|x64.Build.0 = Release|Any CPU
		{5329AC43-7177-4953-AFAB-A9FA7B9A4C7C}.Release|x86.ActiveCfg = Release|Any CPU
		{5329AC43-7177-4953-AFAB-A9FA7B9A4C7C}.Release|x86.Build.0 = Release|Any CPU
		{66FE736C-C407-44C3-A94E-4345E22AA95E}.Debug|Any CPU.ActiveCfg = Debug|Any CPU
		{66FE736C-C407-44C3-A94E-4345E22AA95E}.Debug|Any CPU.Build.0 = Debug|Any CPU
		{66FE736C-C407-44C3-A94E-4345E22AA95E}.Debug|x64.ActiveCfg = Debug|Any CPU
		{66FE736C-C407-44C3-A94E-4345E22AA95E}.Debug|x64.Build.0 = Debug|Any CPU
		{66FE736C-C407-44C3-A94E-4345E22AA95E}.Debug|x86.ActiveCfg = Debug|Any CPU
		{66FE736C-C407-44C3-A94E-4345E22AA95E}.Debug|x86.Build.0 = Debug|Any CPU
		{66FE736C-C407-44C3-A94E-4345E22AA95E}.Release|Any CPU.ActiveCfg = Release|Any CPU
		{66FE736C-C407-44C3-A94E-4345E22AA95E}.Release|Any CPU.Build.0 = Release|Any CPU
		{66FE736C-C407-44C3-A94E-4345E22AA95E}.Release|x64.ActiveCfg = Release|Any CPU
		{66FE736C-C407-44C3-A94E-4345E22AA95E}.Release|x64.Build.0 = Release|Any CPU
		{66FE736C-C407-44C3-A94E-4345E22AA95E}.Release|x86.ActiveCfg = Release|Any CPU
		{66FE736C-C407-44C3-A94E-4345E22AA95E}.Release|x86.Build.0 = Release|Any CPU
		{381D1039-3259-488F-BB25-D90EE63A3E82}.Debug|Any CPU.ActiveCfg = Debug|Any CPU
		{381D1039-3259-488F-BB25-D90EE63A3E82}.Debug|Any CPU.Build.0 = Debug|Any CPU
		{381D1039-3259-488F-BB25-D90EE63A3E82}.Debug|x64.ActiveCfg = Debug|Any CPU
		{381D1039-3259-488F-BB25-D90EE63A3E82}.Debug|x64.Build.0 = Debug|Any CPU
		{381D1039-3259-488F-BB25-D90EE63A3E82}.Debug|x86.ActiveCfg = Debug|Any CPU
		{381D1039-3259-488F-BB25-D90EE63A3E82}.Debug|x86.Build.0 = Debug|Any CPU
		{381D1039-3259-488F-BB25-D90EE63A3E82}.Release|Any CPU.ActiveCfg = Release|Any CPU
		{381D1039-3259-488F-BB25-D90EE63A3E82}.Release|Any CPU.Build.0 = Release|Any CPU
		{381D1039-3259-488F-BB25-D90EE63A3E82}.Release|x64.ActiveCfg = Release|Any CPU
		{381D1039-3259-488F-BB25-D90EE63A3E82}.Release|x64.Build.0 = Release|Any CPU
		{381D1039-3259-488F-BB25-D90EE63A3E82}.Release|x86.ActiveCfg = Release|Any CPU
		{381D1039-3259-488F-BB25-D90EE63A3E82}.Release|x86.Build.0 = Release|Any CPU
		{7D181E77-CAD4-4288-AC0A-9C4D55ED1EC2}.Debug|Any CPU.ActiveCfg = Debug|Any CPU
		{7D181E77-CAD4-4288-AC0A-9C4D55ED1EC2}.Debug|Any CPU.Build.0 = Debug|Any CPU
		{7D181E77-CAD4-4288-AC0A-9C4D55ED1EC2}.Debug|x64.ActiveCfg = Debug|Any CPU
		{7D181E77-CAD4-4288-AC0A-9C4D55ED1EC2}.Debug|x64.Build.0 = Debug|Any CPU
		{7D181E77-CAD4-4288-AC0A-9C4D55ED1EC2}.Debug|x86.ActiveCfg = Debug|Any CPU
		{7D181E77-CAD4-4288-AC0A-9C4D55ED1EC2}.Debug|x86.Build.0 = Debug|Any CPU
		{7D181E77-CAD4-4288-AC0A-9C4D55ED1EC2}.Release|Any CPU.ActiveCfg = Release|Any CPU
		{7D181E77-CAD4-4288-AC0A-9C4D55ED1EC2}.Release|Any CPU.Build.0 = Release|Any CPU
		{7D181E77-CAD4-4288-AC0A-9C4D55ED1EC2}.Release|x64.ActiveCfg = Release|Any CPU
		{7D181E77-CAD4-4288-AC0A-9C4D55ED1EC2}.Release|x64.Build.0 = Release|Any CPU
		{7D181E77-CAD4-4288-AC0A-9C4D55ED1EC2}.Release|x86.ActiveCfg = Release|Any CPU
		{7D181E77-CAD4-4288-AC0A-9C4D55ED1EC2}.Release|x86.Build.0 = Release|Any CPU
		{89E8EDA4-EB19-45FC-AFA1-B6A16211A9EE}.Debug|Any CPU.ActiveCfg = Debug|Any CPU
		{89E8EDA4-EB19-45FC-AFA1-B6A16211A9EE}.Debug|Any CPU.Build.0 = Debug|Any CPU
		{89E8EDA4-EB19-45FC-AFA1-B6A16211A9EE}.Debug|x64.ActiveCfg = Debug|Any CPU
		{89E8EDA4-EB19-45FC-AFA1-B6A16211A9EE}.Debug|x64.Build.0 = Debug|Any CPU
		{89E8EDA4-EB19-45FC-AFA1-B6A16211A9EE}.Debug|x86.ActiveCfg = Debug|Any CPU
		{89E8EDA4-EB19-45FC-AFA1-B6A16211A9EE}.Debug|x86.Build.0 = Debug|Any CPU
		{89E8EDA4-EB19-45FC-AFA1-B6A16211A9EE}.Release|Any CPU.ActiveCfg = Release|Any CPU
		{89E8EDA4-EB19-45FC-AFA1-B6A16211A9EE}.Release|Any CPU.Build.0 = Release|Any CPU
		{89E8EDA4-EB19-45FC-AFA1-B6A16211A9EE}.Release|x64.ActiveCfg = Release|Any CPU
		{89E8EDA4-EB19-45FC-AFA1-B6A16211A9EE}.Release|x64.Build.0 = Release|Any CPU
		{89E8EDA4-EB19-45FC-AFA1-B6A16211A9EE}.Release|x86.ActiveCfg = Release|Any CPU
		{89E8EDA4-EB19-45FC-AFA1-B6A16211A9EE}.Release|x86.Build.0 = Release|Any CPU
		{50F2BCCC-BDC8-4694-B55E-583A6A77E1CF}.Debug|Any CPU.ActiveCfg = Debug|Any CPU
		{50F2BCCC-BDC8-4694-B55E-583A6A77E1CF}.Debug|Any CPU.Build.0 = Debug|Any CPU
		{50F2BCCC-BDC8-4694-B55E-583A6A77E1CF}.Debug|x64.ActiveCfg = Debug|Any CPU
		{50F2BCCC-BDC8-4694-B55E-583A6A77E1CF}.Debug|x64.Build.0 = Debug|Any CPU
		{50F2BCCC-BDC8-4694-B55E-583A6A77E1CF}.Debug|x86.ActiveCfg = Debug|Any CPU
		{50F2BCCC-BDC8-4694-B55E-583A6A77E1CF}.Debug|x86.Build.0 = Debug|Any CPU
		{50F2BCCC-BDC8-4694-B55E-583A6A77E1CF}.Release|Any CPU.ActiveCfg = Release|Any CPU
		{50F2BCCC-BDC8-4694-B55E-583A6A77E1CF}.Release|Any CPU.Build.0 = Release|Any CPU
		{50F2BCCC-BDC8-4694-B55E-583A6A77E1CF}.Release|x64.ActiveCfg = Release|Any CPU
		{50F2BCCC-BDC8-4694-B55E-583A6A77E1CF}.Release|x64.Build.0 = Release|Any CPU
		{50F2BCCC-BDC8-4694-B55E-583A6A77E1CF}.Release|x86.ActiveCfg = Release|Any CPU
		{50F2BCCC-BDC8-4694-B55E-583A6A77E1CF}.Release|x86.Build.0 = Release|Any CPU
		{F46AC88E-8A7E-4B6F-BC8F-8848B3DD3CCF}.Debug|Any CPU.ActiveCfg = Debug|Any CPU
		{F46AC88E-8A7E-4B6F-BC8F-8848B3DD3CCF}.Debug|Any CPU.Build.0 = Debug|Any CPU
		{F46AC88E-8A7E-4B6F-BC8F-8848B3DD3CCF}.Debug|x64.ActiveCfg = Debug|Any CPU
		{F46AC88E-8A7E-4B6F-BC8F-8848B3DD3CCF}.Debug|x64.Build.0 = Debug|Any CPU
		{F46AC88E-8A7E-4B6F-BC8F-8848B3DD3CCF}.Debug|x86.ActiveCfg = Debug|Any CPU
		{F46AC88E-8A7E-4B6F-BC8F-8848B3DD3CCF}.Debug|x86.Build.0 = Debug|Any CPU
		{F46AC88E-8A7E-4B6F-BC8F-8848B3DD3CCF}.Release|Any CPU.ActiveCfg = Release|Any CPU
		{F46AC88E-8A7E-4B6F-BC8F-8848B3DD3CCF}.Release|Any CPU.Build.0 = Release|Any CPU
		{F46AC88E-8A7E-4B6F-BC8F-8848B3DD3CCF}.Release|x64.ActiveCfg = Release|Any CPU
		{F46AC88E-8A7E-4B6F-BC8F-8848B3DD3CCF}.Release|x64.Build.0 = Release|Any CPU
		{F46AC88E-8A7E-4B6F-BC8F-8848B3DD3CCF}.Release|x86.ActiveCfg = Release|Any CPU
		{F46AC88E-8A7E-4B6F-BC8F-8848B3DD3CCF}.Release|x86.Build.0 = Release|Any CPU
	EndGlobalSection
	GlobalSection(SolutionProperties) = preSolution
		HideSolutionNode = FALSE
	EndGlobalSection
	GlobalSection(NestedProjects) = preSolution
		{6842A2C6-5C7B-42DD-9825-0EDE91BFEBF7} = {4FD2509D-2D85-4ED3-9A64-1691E62B6900}
		{C9718C94-2F21-4E8D-B55D-8F0B1A131346} = {EA3CA547-452A-4D9E-BDB3-3BC5D7F15ACA}
		{7A2A3176-DBA1-4026-AF65-8E36B4F09B01} = {C9718C94-2F21-4E8D-B55D-8F0B1A131346}
		{FD15E196-1C63-47D6-8AD5-64F015120B4B} = {EA3CA547-452A-4D9E-BDB3-3BC5D7F15ACA}
		{F07CABFC-DC6A-4B5B-BC56-B10EEC2C0BFA} = {EA3CA547-452A-4D9E-BDB3-3BC5D7F15ACA}
		{9020C7C6-C366-4BD3-8C8A-F81394EC7174} = {EA3CA547-452A-4D9E-BDB3-3BC5D7F15ACA}
		{8238D9F3-E158-4633-8017-B29AA3AD61F7} = {EA3CA547-452A-4D9E-BDB3-3BC5D7F15ACA}
		{CB8B28DE-456A-4B8E-85A6-2C50CEE08CA2} = {FD15E196-1C63-47D6-8AD5-64F015120B4B}
		{EA623F04-DADA-4714-B2C5-44C82E211492} = {8238D9F3-E158-4633-8017-B29AA3AD61F7}
		{50F26B27-32B6-4D66-ADD5-CC9C38373B19} = {8238D9F3-E158-4633-8017-B29AA3AD61F7}
		{69CF4437-59F7-4304-9AE1-4B58E1A93367} = {C9718C94-2F21-4E8D-B55D-8F0B1A131346}
		{AF6E05E0-9C51-4D52-AC7E-056714CAC5F4} = {9020C7C6-C366-4BD3-8C8A-F81394EC7174}
		{A0726B46-F2F6-4996-A640-1BD01EEBAF07} = {94D5D1E1-B998-4CB1-9D04-DA138A2B0F3C}
		{ED11DCF5-E925-417A-99E0-B8AD615874EA} = {F07CABFC-DC6A-4B5B-BC56-B10EEC2C0BFA}
		{A11CC2E1-51C3-4DE8-A4B3-F05D37EDAB8C} = {F07CABFC-DC6A-4B5B-BC56-B10EEC2C0BFA}
		{2B1A2B37-649F-4F6E-90E9-EC3B28D0A3CC} = {94D5D1E1-B998-4CB1-9D04-DA138A2B0F3C}
		{97AF0383-2665-446E-9FBD-218051422B13} = {8238D9F3-E158-4633-8017-B29AA3AD61F7}
		{795A93A6-9578-439F-BB08-07B148B1D4CE} = {94D5D1E1-B998-4CB1-9D04-DA138A2B0F3C}
		{5329AC43-7177-4953-AFAB-A9FA7B9A4C7C} = {94D5D1E1-B998-4CB1-9D04-DA138A2B0F3C}
		{66FE736C-C407-44C3-A94E-4345E22AA95E} = {94D5D1E1-B998-4CB1-9D04-DA138A2B0F3C}
		{381D1039-3259-488F-BB25-D90EE63A3E82} = {94D5D1E1-B998-4CB1-9D04-DA138A2B0F3C}
		{7D181E77-CAD4-4288-AC0A-9C4D55ED1EC2} = {8238D9F3-E158-4633-8017-B29AA3AD61F7}
		{89E8EDA4-EB19-45FC-AFA1-B6A16211A9EE} = {94D5D1E1-B998-4CB1-9D04-DA138A2B0F3C}
		{50F2BCCC-BDC8-4694-B55E-583A6A77E1CF} = {8238D9F3-E158-4633-8017-B29AA3AD61F7}
		{F46AC88E-8A7E-4B6F-BC8F-8848B3DD3CCF} = {94D5D1E1-B998-4CB1-9D04-DA138A2B0F3C}
	EndGlobalSection
	GlobalSection(ExtensibilityGlobals) = postSolution
		SolutionGuid = {F5273D7F-3334-48DF-94E3-41AE6816CD4D}
	EndGlobalSection
EndGlobal
