
Microsoft Visual Studio Solution File, Format Version 12.00
# Visual Studio 15
VisualStudioVersion = 15.0.26124.0
MinimumVisualStudioVersion = 15.0.26124.0
Project("{FAE04EC0-301F-11D3-BF4B-00C04F79EFBC}") = "Ultz.SilkExtensions.ImGui.OpenGL", "Ultz.SilkExtensions.ImGui.OpenGL\Ultz.SilkExtensions.ImGui.OpenGL.csproj", "{4A13C4A0-1589-4C59-BFC4-F151BBFEBAAC}"
EndProject
Project("{FAE04EC0-301F-11D3-BF4B-00C04F79EFBC}") = "Example.ImGui", "Example.ImGui\Example.ImGui.csproj", "{C71A8E70-A65B-48BF-9375-328DCF23520B}"
EndProject
Global
	GlobalSection(SolutionConfigurationPlatforms) = preSolution
		Debug|Any CPU = Debug|Any CPU
		Debug|x64 = Debug|x64
		Debug|x86 = Debug|x86
		Release|Any CPU = Release|Any CPU
		Release|x64 = Release|x64
		Release|x86 = Release|x86
	EndGlobalSection
	GlobalSection(SolutionProperties) = preSolution
		HideSolutionNode = FALSE
	EndGlobalSection
	GlobalSection(ProjectConfigurationPlatforms) = postSolution
		{4A13C4A0-1589-4C59-BFC4-F151BBFEBAAC}.Debug|Any CPU.ActiveCfg = Debug|Any CPU
		{4A13C4A0-1589-4C59-BFC4-F151BBFEBAAC}.Debug|Any CPU.Build.0 = Debug|Any CPU
		{4A13C4A0-1589-4C59-BFC4-F151BBFEBAAC}.Debug|x64.ActiveCfg = Debug|Any CPU
		{4A13C4A0-1589-4C59-BFC4-F151BBFEBAAC}.Debug|x64.Build.0 = Debug|Any CPU
		{4A13C4A0-1589-4C59-BFC4-F151BBFEBAAC}.Debug|x86.ActiveCfg = Debug|Any CPU
		{4A13C4A0-1589-4C59-BFC4-F151BBFEBAAC}.Debug|x86.Build.0 = Debug|Any CPU
		{4A13C4A0-1589-4C59-BFC4-F151BBFEBAAC}.Release|Any CPU.ActiveCfg = Release|Any CPU
		{4A13C4A0-1589-4C59-BFC4-F151BBFEBAAC}.Release|Any CPU.Build.0 = Release|Any CPU
		{4A13C4A0-1589-4C59-BFC4-F151BBFEBAAC}.Release|x64.ActiveCfg = Release|Any CPU
		{4A13C4A0-1589-4C59-BFC4-F151BBFEBAAC}.Release|x64.Build.0 = Release|Any CPU
		{4A13C4A0-1589-4C59-BFC4-F151BBFEBAAC}.Release|x86.ActiveCfg = Release|Any CPU
		{4A13C4A0-1589-4C59-BFC4-F151BBFEBAAC}.Release|x86.Build.0 = Release|Any CPU
		{C71A8E70-A65B-48BF-9375-328DCF23520B}.Debug|Any CPU.ActiveCfg = Debug|Any CPU
		{C71A8E70-A65B-48BF-9375-328DCF23520B}.Debug|Any CPU.Build.0 = Debug|Any CPU
		{C71A8E70-A65B-48BF-9375-328DCF23520B}.Debug|x64.ActiveCfg = Debug|Any CPU
		{C71A8E70-A65B-48BF-9375-328DCF23520B}.Debug|x64.Build.0 = Debug|Any CPU
		{C71A8E70-A65B-48BF-9375-328DCF23520B}.Debug|x86.ActiveCfg = Debug|Any CPU
		{C71A8E70-A65B-48BF-9375-328DCF23520B}.Debug|x86.Build.0 = Debug|Any CPU
		{C71A8E70-A65B-48BF-9375-328DCF23520B}.Release|Any CPU.ActiveCfg = Release|Any CPU
		{C71A8E70-A65B-48BF-9375-328DCF23520B}.Release|Any CPU.Build.0 = Release|Any CPU
		{C71A8E70-A65B-48BF-9375-328DCF23520B}.Release|x64.ActiveCfg = Release|Any CPU
		{C71A8E70-A65B-48BF-9375-328DCF23520B}.Release|x64.Build.0 = Release|Any CPU
		{C71A8E70-A65B-48BF-9375-328DCF23520B}.Release|x86.ActiveCfg = Release|Any CPU
		{C71A8E70-A65B-48BF-9375-328DCF23520B}.Release|x86.Build.0 = Release|Any CPU
	EndGlobalSection
EndGlobal
