
Microsoft Visual Studio Solution File, Format Version 12.00
# Visual Studio 15
VisualStudioVersion = 15.0.26124.0
MinimumVisualStudioVersion = 15.0.26124.0
Project("{FAE04EC0-301F-11D3-BF4B-00C04F79EFBC}") = "BuildTools", "src\BuildTools\BuildTools.csproj", "{FD24E9FF-1097-4777-A418-F2D88C558665}"
EndProject
Project("{2150E333-8FDC-42A3-9474-1A3956D46DE8}") = "Windowing", "Windowing", "{23324041-2076-477C-A4BF-B385B8066C6C}"
EndProject
Project("{FAE04EC0-301F-11D3-BF4B-00C04F79EFBC}") = "Silk.NET.GLFW", "src\Windowing\Silk.NET.GLFW\Silk.NET.GLFW.csproj", "{BFE429EB-4C2E-4BF3-A302-C9C5A2FDA6D7}"
EndProject
Project("{FAE04EC0-301F-11D3-BF4B-00C04F79EFBC}") = "Silk.NET.Core", "src\Silk.NET.Core\Silk.NET.Core.csproj", "{136C6154-D300-4B82-80D3-17B637841A2B}"
EndProject
Project("{FAE04EC0-301F-11D3-BF4B-00C04F79EFBC}") = "Silk.NET.Windowing.Common", "src\Windowing\Silk.NET.Windowing.Common\Silk.NET.Windowing.Common.csproj", "{A8DFEA18-E880-4303-BBCE-0F27EE214D44}"
EndProject
Project("{FAE04EC0-301F-11D3-BF4B-00C04F79EFBC}") = "Silk.NET.Windowing.Desktop", "src\Windowing\Silk.NET.Windowing.Desktop\Silk.NET.Windowing.Desktop.csproj", "{0A18FCAE-572E-47FF-B8E3-C97ED15132FA}"
EndProject
Project("{FAE04EC0-301F-11D3-BF4B-00C04F79EFBC}") = "BlankWindow", "examples\BlankWindow\BlankWindow.csproj", "{E8C4587E-9424-438B-AEAF-A09E0234865A}"
EndProject
Project("{FAE04EC0-301F-11D3-BF4B-00C04F79EFBC}") = "Silk.NET.Windowing", "src\Windowing\Silk.NET.Windowing\Silk.NET.Windowing.csproj", "{956F722C-DFD3-435E-9D2E-A0549C4D8BC0}"
EndProject
Project("{2150E333-8FDC-42A3-9474-1A3956D46DE8}") = "Examples", "Examples", "{E1F91563-7277-4E9B-A3B7-8D5FD9802A4A}"
EndProject
Project("{2150E333-8FDC-42A3-9474-1A3956D46DE8}") = "OpenAL", "OpenAL", "{081E7761-B200-4DBF-8950-941464DECACE}"
EndProject
Project("{FAE04EC0-301F-11D3-BF4B-00C04F79EFBC}") = "Silk.NET.OpenAL", "src\OpenAL\Silk.NET.OpenAL\Silk.NET.OpenAL.csproj", "{5A41E9D5-67F5-447C-8AE2-78FED7A45206}"
EndProject
Project("{2150E333-8FDC-42A3-9474-1A3956D46DE8}") = "Extensions", "Extensions", "{896B1A79-FEC8-4B7A-8A9C-0CC8EDA2CCFC}"
EndProject
Project("{FAE04EC0-301F-11D3-BF4B-00C04F79EFBC}") = "Silk.NET.OpenAL.Extensions.Creative.EFX", "src\OpenAL\Extensions\Silk.NET.OpenAL.Extensions.Creative.EFX\Silk.NET.OpenAL.Extensions.Creative.EFX.csproj", "{FC015604-3326-4BCC-9212-C5CB0DFB0D12}"
EndProject
Project("{FAE04EC0-301F-11D3-BF4B-00C04F79EFBC}") = "Silk.NET.OpenAL.Extensions.Creative.EnumerateAll", "src\OpenAL\Extensions\Silk.NET.OpenAL.Extensions.Creative.EnumerateAll\Silk.NET.OpenAL.Extensions.Creative.EnumerateAll.csproj", "{0612430C-19BF-430F-A566-B5EA372ADFA3}"
EndProject
Project("{FAE04EC0-301F-11D3-BF4B-00C04F79EFBC}") = "Silk.NET.OpenAL.Extensions.Creative.MultiChannelBuffers", "src\OpenAL\Extensions\Silk.NET.OpenAL.Extensions.Creative.MultiChannelBuffers\Silk.NET.OpenAL.Extensions.Creative.MultiChannelBuffers.csproj", "{FAF0EC36-234C-4DD6-821F-D2BA8BB88BE1}"
EndProject
Project("{FAE04EC0-301F-11D3-BF4B-00C04F79EFBC}") = "Silk.NET.OpenAL.Extensions.Creative.XRam", "src\OpenAL\Extensions\Silk.NET.OpenAL.Extensions.Creative.XRam\Silk.NET.OpenAL.Extensions.Creative.XRam.csproj", "{F29A88F9-B5EA-4CA3-9F3D-BC1F0D85DA31}"
EndProject
Project("{FAE04EC0-301F-11D3-BF4B-00C04F79EFBC}") = "Silk.NET.OpenAL.Extensions.Enumeration", "src\OpenAL\Extensions\Silk.NET.OpenAL.Extensions.Enumeration\Silk.NET.OpenAL.Extensions.Enumeration.csproj", "{66F172D3-4AE5-4C6E-A035-0E0AE962F555}"
EndProject
Project("{FAE04EC0-301F-11D3-BF4B-00C04F79EFBC}") = "Silk.NET.OpenAL.Extensions.EXT.ALAWFormat", "src\OpenAL\Extensions\Silk.NET.OpenAL.Extensions.EXT.ALAWFormat\Silk.NET.OpenAL.Extensions.EXT.ALAWFormat.csproj", "{352E06E3-9D5E-4C2B-836D-C5538F8AA48D}"
EndProject
Project("{FAE04EC0-301F-11D3-BF4B-00C04F79EFBC}") = "Silk.NET.OpenAL.Extensions.EXT.Capture", "src\OpenAL\Extensions\Silk.NET.OpenAL.Extensions.EXT.Capture\Silk.NET.OpenAL.Extensions.EXT.Capture.csproj", "{AB4E6610-11DB-4FA0-8875-36E6F80DC667}"
EndProject
Project("{FAE04EC0-301F-11D3-BF4B-00C04F79EFBC}") = "Silk.NET.OpenAL.Extensions.EXT.Capture.Enumeration", "src\OpenAL\Extensions\Silk.NET.OpenAL.Extensions.EXT.Capture.Enumeration\Silk.NET.OpenAL.Extensions.EXT.Capture.Enumeration.csproj", "{C89FF415-2F50-4B31-B13F-35598B08F72A}"
EndProject
Project("{FAE04EC0-301F-11D3-BF4B-00C04F79EFBC}") = "Silk.NET.OpenAL.Extensions.EXT.DoubleFormat", "src\OpenAL\Extensions\Silk.NET.OpenAL.Extensions.EXT.DoubleFormat\Silk.NET.OpenAL.Extensions.EXT.DoubleFormat.csproj", "{719C8344-048F-44E4-9F8C-273B8820C80B}"
EndProject
Project("{FAE04EC0-301F-11D3-BF4B-00C04F79EFBC}") = "Silk.NET.OpenAL.Extensions.EXT.FloatFormat", "src\OpenAL\Extensions\Silk.NET.OpenAL.Extensions.EXT.FloatFormat\Silk.NET.OpenAL.Extensions.EXT.FloatFormat.csproj", "{CB1F87CD-2FE1-432B-90F4-85EF597A4A13}"
EndProject
Project("{FAE04EC0-301F-11D3-BF4B-00C04F79EFBC}") = "Silk.NET.OpenAL.Extensions.EXT.IMA4Format", "src\OpenAL\Extensions\Silk.NET.OpenAL.Extensions.EXT.IMA4Format\Silk.NET.OpenAL.Extensions.EXT.IMA4Format.csproj", "{8ACD1200-AB35-466E-BCBA-6319D0C844AF}"
EndProject
Project("{FAE04EC0-301F-11D3-BF4B-00C04F79EFBC}") = "Silk.NET.OpenAL.Extensions.EXT.MP3Format", "src\OpenAL\Extensions\Silk.NET.OpenAL.Extensions.EXT.MP3Format\Silk.NET.OpenAL.Extensions.EXT.MP3Format.csproj", "{E452B0B2-C1ED-45DE-8374-0F36CF5D5AF2}"
EndProject
Project("{FAE04EC0-301F-11D3-BF4B-00C04F79EFBC}") = "Silk.NET.OpenAL.Extensions.EXT.MULAWFormat", "src\OpenAL\Extensions\Silk.NET.OpenAL.Extensions.EXT.MULAWFormat\Silk.NET.OpenAL.Extensions.EXT.MULAWFormat.csproj", "{B0950B8F-BCAF-4476-A0CE-CC8A47E60F7E}"
EndProject
Project("{FAE04EC0-301F-11D3-BF4B-00C04F79EFBC}") = "Silk.NET.OpenAL.Extensions.EXT.VorbisFormat", "src\OpenAL\Extensions\Silk.NET.OpenAL.Extensions.EXT.VorbisFormat\Silk.NET.OpenAL.Extensions.EXT.VorbisFormat.csproj", "{4EE697B8-E6AA-47EF-B9E3-C4F9FFBCA4E7}"
EndProject
Project("{FAE04EC0-301F-11D3-BF4B-00C04F79EFBC}") = "Silk.NET.OpenAL.Extensions.Soft", "src\OpenAL\Extensions\Silk.NET.OpenAL.Extensions.Soft\Silk.NET.OpenAL.Extensions.Soft.csproj", "{94D7D3A3-3640-4791-BE19-CA50C59187C6}"
EndProject
Project("{FAE04EC0-301F-11D3-BF4B-00C04F79EFBC}") = "Silk.NET.OpenAL.Extensions.Soft.DeferredUpdates", "src\OpenAL\Extensions\Silk.NET.OpenAL.Extensions.Soft.DeferredUpdates\Silk.NET.OpenAL.Extensions.Soft.DeferredUpdates.csproj", "{50987EDD-9F49-4981-ADAE-98F01F4A4FBA}"
EndProject
Project("{2150E333-8FDC-42A3-9474-1A3956D46DE8}") = "Build Properties", "Build Properties", "{21F1A5E2-9861-49A6-934D-DF5AAA03AFFE}"
ProjectSection(SolutionItems) = preProject
	build\props\bindings.props = build\props\bindings.props
	build\props\common.props = build\props\common.props
EndProjectSection
EndProject
Project("{FAE04EC0-301F-11D3-BF4B-00C04F79EFAC}") = "Silk.NET.Input.Common", "src\Input\Silk.NET.Input.Common\Silk.NET.Input.Common.csproj", "{8FFF49D6-B029-400B-8510-1A088868DFA6}"
EndProject
Project("{2150E333-8FDC-42A3-9474-1A3956D46DE8}") = "Input", "Input", "{FA9D1C95-5585-4DEC-B226-1447A486C376}"
EndProject
Global
	GlobalSection(SolutionConfigurationPlatforms) = preSolution
		Debug|Any CPU = Debug|Any CPU
		Debug|x64 = Debug|x64
		Debug|x86 = Debug|x86
		Release|Any CPU = Release|Any CPU
		Release|x64 = Release|x64
		Release|x86 = Release|x86
	EndGlobalSection
	GlobalSection(SolutionProperties) = preSolution
		HideSolutionNode = FALSE
	EndGlobalSection
	GlobalSection(ProjectConfigurationPlatforms) = postSolution
		{FD24E9FF-1097-4777-A418-F2D88C558665}.Debug|Any CPU.ActiveCfg = Debug|Any CPU
		{FD24E9FF-1097-4777-A418-F2D88C558665}.Debug|Any CPU.Build.0 = Debug|Any CPU
		{FD24E9FF-1097-4777-A418-F2D88C558665}.Debug|x64.ActiveCfg = Debug|Any CPU
		{FD24E9FF-1097-4777-A418-F2D88C558665}.Debug|x64.Build.0 = Debug|Any CPU
		{FD24E9FF-1097-4777-A418-F2D88C558665}.Debug|x86.ActiveCfg = Debug|Any CPU
		{FD24E9FF-1097-4777-A418-F2D88C558665}.Debug|x86.Build.0 = Debug|Any CPU
		{FD24E9FF-1097-4777-A418-F2D88C558665}.Release|Any CPU.ActiveCfg = Release|Any CPU
		{FD24E9FF-1097-4777-A418-F2D88C558665}.Release|Any CPU.Build.0 = Release|Any CPU
		{FD24E9FF-1097-4777-A418-F2D88C558665}.Release|x64.ActiveCfg = Release|Any CPU
		{FD24E9FF-1097-4777-A418-F2D88C558665}.Release|x64.Build.0 = Release|Any CPU
		{FD24E9FF-1097-4777-A418-F2D88C558665}.Release|x86.ActiveCfg = Release|Any CPU
		{FD24E9FF-1097-4777-A418-F2D88C558665}.Release|x86.Build.0 = Release|Any CPU
		{BFE429EB-4C2E-4BF3-A302-C9C5A2FDA6D7}.Debug|Any CPU.ActiveCfg = Debug|Any CPU
		{BFE429EB-4C2E-4BF3-A302-C9C5A2FDA6D7}.Debug|Any CPU.Build.0 = Debug|Any CPU
		{BFE429EB-4C2E-4BF3-A302-C9C5A2FDA6D7}.Debug|x64.ActiveCfg = Debug|Any CPU
		{BFE429EB-4C2E-4BF3-A302-C9C5A2FDA6D7}.Debug|x64.Build.0 = Debug|Any CPU
		{BFE429EB-4C2E-4BF3-A302-C9C5A2FDA6D7}.Debug|x86.ActiveCfg = Debug|Any CPU
		{BFE429EB-4C2E-4BF3-A302-C9C5A2FDA6D7}.Debug|x86.Build.0 = Debug|Any CPU
		{BFE429EB-4C2E-4BF3-A302-C9C5A2FDA6D7}.Release|Any CPU.ActiveCfg = Release|Any CPU
		{BFE429EB-4C2E-4BF3-A302-C9C5A2FDA6D7}.Release|Any CPU.Build.0 = Release|Any CPU
		{BFE429EB-4C2E-4BF3-A302-C9C5A2FDA6D7}.Release|x64.ActiveCfg = Release|Any CPU
		{BFE429EB-4C2E-4BF3-A302-C9C5A2FDA6D7}.Release|x64.Build.0 = Release|Any CPU
		{BFE429EB-4C2E-4BF3-A302-C9C5A2FDA6D7}.Release|x86.ActiveCfg = Release|Any CPU
		{BFE429EB-4C2E-4BF3-A302-C9C5A2FDA6D7}.Release|x86.Build.0 = Release|Any CPU
		{136C6154-D300-4B82-80D3-17B637841A2B}.Debug|Any CPU.ActiveCfg = Debug|Any CPU
		{136C6154-D300-4B82-80D3-17B637841A2B}.Debug|Any CPU.Build.0 = Debug|Any CPU
		{136C6154-D300-4B82-80D3-17B637841A2B}.Debug|x64.ActiveCfg = Debug|Any CPU
		{136C6154-D300-4B82-80D3-17B637841A2B}.Debug|x64.Build.0 = Debug|Any CPU
		{136C6154-D300-4B82-80D3-17B637841A2B}.Debug|x86.ActiveCfg = Debug|Any CPU
		{136C6154-D300-4B82-80D3-17B637841A2B}.Debug|x86.Build.0 = Debug|Any CPU
		{136C6154-D300-4B82-80D3-17B637841A2B}.Release|Any CPU.ActiveCfg = Release|Any CPU
		{136C6154-D300-4B82-80D3-17B637841A2B}.Release|Any CPU.Build.0 = Release|Any CPU
		{136C6154-D300-4B82-80D3-17B637841A2B}.Release|x64.ActiveCfg = Release|Any CPU
		{136C6154-D300-4B82-80D3-17B637841A2B}.Release|x64.Build.0 = Release|Any CPU
		{136C6154-D300-4B82-80D3-17B637841A2B}.Release|x86.ActiveCfg = Release|Any CPU
		{136C6154-D300-4B82-80D3-17B637841A2B}.Release|x86.Build.0 = Release|Any CPU
		{A8DFEA18-E880-4303-BBCE-0F27EE214D44}.Debug|Any CPU.ActiveCfg = Debug|Any CPU
		{A8DFEA18-E880-4303-BBCE-0F27EE214D44}.Debug|Any CPU.Build.0 = Debug|Any CPU
		{A8DFEA18-E880-4303-BBCE-0F27EE214D44}.Debug|x64.ActiveCfg = Debug|Any CPU
		{A8DFEA18-E880-4303-BBCE-0F27EE214D44}.Debug|x64.Build.0 = Debug|Any CPU
		{A8DFEA18-E880-4303-BBCE-0F27EE214D44}.Debug|x86.ActiveCfg = Debug|Any CPU
		{A8DFEA18-E880-4303-BBCE-0F27EE214D44}.Debug|x86.Build.0 = Debug|Any CPU
		{A8DFEA18-E880-4303-BBCE-0F27EE214D44}.Release|Any CPU.ActiveCfg = Release|Any CPU
		{A8DFEA18-E880-4303-BBCE-0F27EE214D44}.Release|Any CPU.Build.0 = Release|Any CPU
		{A8DFEA18-E880-4303-BBCE-0F27EE214D44}.Release|x64.ActiveCfg = Release|Any CPU
		{A8DFEA18-E880-4303-BBCE-0F27EE214D44}.Release|x64.Build.0 = Release|Any CPU
		{A8DFEA18-E880-4303-BBCE-0F27EE214D44}.Release|x86.ActiveCfg = Release|Any CPU
		{A8DFEA18-E880-4303-BBCE-0F27EE214D44}.Release|x86.Build.0 = Release|Any CPU
		{0A18FCAE-572E-47FF-B8E3-C97ED15132FA}.Debug|Any CPU.ActiveCfg = Debug|Any CPU
		{0A18FCAE-572E-47FF-B8E3-C97ED15132FA}.Debug|Any CPU.Build.0 = Debug|Any CPU
		{0A18FCAE-572E-47FF-B8E3-C97ED15132FA}.Debug|x64.ActiveCfg = Debug|Any CPU
		{0A18FCAE-572E-47FF-B8E3-C97ED15132FA}.Debug|x64.Build.0 = Debug|Any CPU
		{0A18FCAE-572E-47FF-B8E3-C97ED15132FA}.Debug|x86.ActiveCfg = Debug|Any CPU
		{0A18FCAE-572E-47FF-B8E3-C97ED15132FA}.Debug|x86.Build.0 = Debug|Any CPU
		{0A18FCAE-572E-47FF-B8E3-C97ED15132FA}.Release|Any CPU.ActiveCfg = Release|Any CPU
		{0A18FCAE-572E-47FF-B8E3-C97ED15132FA}.Release|Any CPU.Build.0 = Release|Any CPU
		{0A18FCAE-572E-47FF-B8E3-C97ED15132FA}.Release|x64.ActiveCfg = Release|Any CPU
		{0A18FCAE-572E-47FF-B8E3-C97ED15132FA}.Release|x64.Build.0 = Release|Any CPU
		{0A18FCAE-572E-47FF-B8E3-C97ED15132FA}.Release|x86.ActiveCfg = Release|Any CPU
		{0A18FCAE-572E-47FF-B8E3-C97ED15132FA}.Release|x86.Build.0 = Release|Any CPU
		{E8C4587E-9424-438B-AEAF-A09E0234865A}.Debug|Any CPU.ActiveCfg = Debug|Any CPU
		{E8C4587E-9424-438B-AEAF-A09E0234865A}.Debug|Any CPU.Build.0 = Debug|Any CPU
		{E8C4587E-9424-438B-AEAF-A09E0234865A}.Debug|x64.ActiveCfg = Debug|Any CPU
		{E8C4587E-9424-438B-AEAF-A09E0234865A}.Debug|x64.Build.0 = Debug|Any CPU
		{E8C4587E-9424-438B-AEAF-A09E0234865A}.Debug|x86.ActiveCfg = Debug|Any CPU
		{E8C4587E-9424-438B-AEAF-A09E0234865A}.Debug|x86.Build.0 = Debug|Any CPU
		{E8C4587E-9424-438B-AEAF-A09E0234865A}.Release|Any CPU.ActiveCfg = Release|Any CPU
		{E8C4587E-9424-438B-AEAF-A09E0234865A}.Release|Any CPU.Build.0 = Release|Any CPU
		{E8C4587E-9424-438B-AEAF-A09E0234865A}.Release|x64.ActiveCfg = Release|Any CPU
		{E8C4587E-9424-438B-AEAF-A09E0234865A}.Release|x64.Build.0 = Release|Any CPU
		{E8C4587E-9424-438B-AEAF-A09E0234865A}.Release|x86.ActiveCfg = Release|Any CPU
		{E8C4587E-9424-438B-AEAF-A09E0234865A}.Release|x86.Build.0 = Release|Any CPU
		{956F722C-DFD3-435E-9D2E-A0549C4D8BC0}.Debug|Any CPU.ActiveCfg = Debug|Any CPU
		{956F722C-DFD3-435E-9D2E-A0549C4D8BC0}.Debug|Any CPU.Build.0 = Debug|Any CPU
		{956F722C-DFD3-435E-9D2E-A0549C4D8BC0}.Debug|x64.ActiveCfg = Debug|Any CPU
		{956F722C-DFD3-435E-9D2E-A0549C4D8BC0}.Debug|x64.Build.0 = Debug|Any CPU
		{956F722C-DFD3-435E-9D2E-A0549C4D8BC0}.Debug|x86.ActiveCfg = Debug|Any CPU
		{956F722C-DFD3-435E-9D2E-A0549C4D8BC0}.Debug|x86.Build.0 = Debug|Any CPU
		{956F722C-DFD3-435E-9D2E-A0549C4D8BC0}.Release|Any CPU.ActiveCfg = Release|Any CPU
		{956F722C-DFD3-435E-9D2E-A0549C4D8BC0}.Release|Any CPU.Build.0 = Release|Any CPU
		{956F722C-DFD3-435E-9D2E-A0549C4D8BC0}.Release|x64.ActiveCfg = Release|Any CPU
		{956F722C-DFD3-435E-9D2E-A0549C4D8BC0}.Release|x64.Build.0 = Release|Any CPU
		{956F722C-DFD3-435E-9D2E-A0549C4D8BC0}.Release|x86.ActiveCfg = Release|Any CPU
		{956F722C-DFD3-435E-9D2E-A0549C4D8BC0}.Release|x86.Build.0 = Release|Any CPU
		{5A41E9D5-67F5-447C-8AE2-78FED7A45206}.Debug|Any CPU.ActiveCfg = Debug|Any CPU
		{5A41E9D5-67F5-447C-8AE2-78FED7A45206}.Debug|Any CPU.Build.0 = Debug|Any CPU
		{5A41E9D5-67F5-447C-8AE2-78FED7A45206}.Debug|x64.ActiveCfg = Debug|Any CPU
		{5A41E9D5-67F5-447C-8AE2-78FED7A45206}.Debug|x64.Build.0 = Debug|Any CPU
		{5A41E9D5-67F5-447C-8AE2-78FED7A45206}.Debug|x86.ActiveCfg = Debug|Any CPU
		{5A41E9D5-67F5-447C-8AE2-78FED7A45206}.Debug|x86.Build.0 = Debug|Any CPU
		{5A41E9D5-67F5-447C-8AE2-78FED7A45206}.Release|Any CPU.ActiveCfg = Release|Any CPU
		{5A41E9D5-67F5-447C-8AE2-78FED7A45206}.Release|Any CPU.Build.0 = Release|Any CPU
		{5A41E9D5-67F5-447C-8AE2-78FED7A45206}.Release|x64.ActiveCfg = Release|Any CPU
		{5A41E9D5-67F5-447C-8AE2-78FED7A45206}.Release|x64.Build.0 = Release|Any CPU
		{5A41E9D5-67F5-447C-8AE2-78FED7A45206}.Release|x86.ActiveCfg = Release|Any CPU
		{5A41E9D5-67F5-447C-8AE2-78FED7A45206}.Release|x86.Build.0 = Release|Any CPU
		{FC015604-3326-4BCC-9212-C5CB0DFB0D12}.Debug|Any CPU.ActiveCfg = Debug|Any CPU
		{FC015604-3326-4BCC-9212-C5CB0DFB0D12}.Debug|Any CPU.Build.0 = Debug|Any CPU
		{FC015604-3326-4BCC-9212-C5CB0DFB0D12}.Debug|x64.ActiveCfg = Debug|Any CPU
		{FC015604-3326-4BCC-9212-C5CB0DFB0D12}.Debug|x64.Build.0 = Debug|Any CPU
		{FC015604-3326-4BCC-9212-C5CB0DFB0D12}.Debug|x86.ActiveCfg = Debug|Any CPU
		{FC015604-3326-4BCC-9212-C5CB0DFB0D12}.Debug|x86.Build.0 = Debug|Any CPU
		{FC015604-3326-4BCC-9212-C5CB0DFB0D12}.Release|Any CPU.ActiveCfg = Release|Any CPU
		{FC015604-3326-4BCC-9212-C5CB0DFB0D12}.Release|Any CPU.Build.0 = Release|Any CPU
		{FC015604-3326-4BCC-9212-C5CB0DFB0D12}.Release|x64.ActiveCfg = Release|Any CPU
		{FC015604-3326-4BCC-9212-C5CB0DFB0D12}.Release|x64.Build.0 = Release|Any CPU
		{FC015604-3326-4BCC-9212-C5CB0DFB0D12}.Release|x86.ActiveCfg = Release|Any CPU
		{FC015604-3326-4BCC-9212-C5CB0DFB0D12}.Release|x86.Build.0 = Release|Any CPU
		{0612430C-19BF-430F-A566-B5EA372ADFA3}.Debug|Any CPU.ActiveCfg = Debug|Any CPU
		{0612430C-19BF-430F-A566-B5EA372ADFA3}.Debug|Any CPU.Build.0 = Debug|Any CPU
		{0612430C-19BF-430F-A566-B5EA372ADFA3}.Debug|x64.ActiveCfg = Debug|Any CPU
		{0612430C-19BF-430F-A566-B5EA372ADFA3}.Debug|x64.Build.0 = Debug|Any CPU
		{0612430C-19BF-430F-A566-B5EA372ADFA3}.Debug|x86.ActiveCfg = Debug|Any CPU
		{0612430C-19BF-430F-A566-B5EA372ADFA3}.Debug|x86.Build.0 = Debug|Any CPU
		{0612430C-19BF-430F-A566-B5EA372ADFA3}.Release|Any CPU.ActiveCfg = Release|Any CPU
		{0612430C-19BF-430F-A566-B5EA372ADFA3}.Release|Any CPU.Build.0 = Release|Any CPU
		{0612430C-19BF-430F-A566-B5EA372ADFA3}.Release|x64.ActiveCfg = Release|Any CPU
		{0612430C-19BF-430F-A566-B5EA372ADFA3}.Release|x64.Build.0 = Release|Any CPU
		{0612430C-19BF-430F-A566-B5EA372ADFA3}.Release|x86.ActiveCfg = Release|Any CPU
		{0612430C-19BF-430F-A566-B5EA372ADFA3}.Release|x86.Build.0 = Release|Any CPU
		{FAF0EC36-234C-4DD6-821F-D2BA8BB88BE1}.Debug|Any CPU.ActiveCfg = Debug|Any CPU
		{FAF0EC36-234C-4DD6-821F-D2BA8BB88BE1}.Debug|Any CPU.Build.0 = Debug|Any CPU
		{FAF0EC36-234C-4DD6-821F-D2BA8BB88BE1}.Debug|x64.ActiveCfg = Debug|Any CPU
		{FAF0EC36-234C-4DD6-821F-D2BA8BB88BE1}.Debug|x64.Build.0 = Debug|Any CPU
		{FAF0EC36-234C-4DD6-821F-D2BA8BB88BE1}.Debug|x86.ActiveCfg = Debug|Any CPU
		{FAF0EC36-234C-4DD6-821F-D2BA8BB88BE1}.Debug|x86.Build.0 = Debug|Any CPU
		{FAF0EC36-234C-4DD6-821F-D2BA8BB88BE1}.Release|Any CPU.ActiveCfg = Release|Any CPU
		{FAF0EC36-234C-4DD6-821F-D2BA8BB88BE1}.Release|Any CPU.Build.0 = Release|Any CPU
		{FAF0EC36-234C-4DD6-821F-D2BA8BB88BE1}.Release|x64.ActiveCfg = Release|Any CPU
		{FAF0EC36-234C-4DD6-821F-D2BA8BB88BE1}.Release|x64.Build.0 = Release|Any CPU
		{FAF0EC36-234C-4DD6-821F-D2BA8BB88BE1}.Release|x86.ActiveCfg = Release|Any CPU
		{FAF0EC36-234C-4DD6-821F-D2BA8BB88BE1}.Release|x86.Build.0 = Release|Any CPU
		{F29A88F9-B5EA-4CA3-9F3D-BC1F0D85DA31}.Debug|Any CPU.ActiveCfg = Debug|Any CPU
		{F29A88F9-B5EA-4CA3-9F3D-BC1F0D85DA31}.Debug|Any CPU.Build.0 = Debug|Any CPU
		{F29A88F9-B5EA-4CA3-9F3D-BC1F0D85DA31}.Debug|x64.ActiveCfg = Debug|Any CPU
		{F29A88F9-B5EA-4CA3-9F3D-BC1F0D85DA31}.Debug|x64.Build.0 = Debug|Any CPU
		{F29A88F9-B5EA-4CA3-9F3D-BC1F0D85DA31}.Debug|x86.ActiveCfg = Debug|Any CPU
		{F29A88F9-B5EA-4CA3-9F3D-BC1F0D85DA31}.Debug|x86.Build.0 = Debug|Any CPU
		{F29A88F9-B5EA-4CA3-9F3D-BC1F0D85DA31}.Release|Any CPU.ActiveCfg = Release|Any CPU
		{F29A88F9-B5EA-4CA3-9F3D-BC1F0D85DA31}.Release|Any CPU.Build.0 = Release|Any CPU
		{F29A88F9-B5EA-4CA3-9F3D-BC1F0D85DA31}.Release|x64.ActiveCfg = Release|Any CPU
		{F29A88F9-B5EA-4CA3-9F3D-BC1F0D85DA31}.Release|x64.Build.0 = Release|Any CPU
		{F29A88F9-B5EA-4CA3-9F3D-BC1F0D85DA31}.Release|x86.ActiveCfg = Release|Any CPU
		{F29A88F9-B5EA-4CA3-9F3D-BC1F0D85DA31}.Release|x86.Build.0 = Release|Any CPU
		{66F172D3-4AE5-4C6E-A035-0E0AE962F555}.Debug|Any CPU.ActiveCfg = Debug|Any CPU
		{66F172D3-4AE5-4C6E-A035-0E0AE962F555}.Debug|Any CPU.Build.0 = Debug|Any CPU
		{66F172D3-4AE5-4C6E-A035-0E0AE962F555}.Debug|x64.ActiveCfg = Debug|Any CPU
		{66F172D3-4AE5-4C6E-A035-0E0AE962F555}.Debug|x64.Build.0 = Debug|Any CPU
		{66F172D3-4AE5-4C6E-A035-0E0AE962F555}.Debug|x86.ActiveCfg = Debug|Any CPU
		{66F172D3-4AE5-4C6E-A035-0E0AE962F555}.Debug|x86.Build.0 = Debug|Any CPU
		{66F172D3-4AE5-4C6E-A035-0E0AE962F555}.Release|Any CPU.ActiveCfg = Release|Any CPU
		{66F172D3-4AE5-4C6E-A035-0E0AE962F555}.Release|Any CPU.Build.0 = Release|Any CPU
		{66F172D3-4AE5-4C6E-A035-0E0AE962F555}.Release|x64.ActiveCfg = Release|Any CPU
		{66F172D3-4AE5-4C6E-A035-0E0AE962F555}.Release|x64.Build.0 = Release|Any CPU
		{66F172D3-4AE5-4C6E-A035-0E0AE962F555}.Release|x86.ActiveCfg = Release|Any CPU
		{66F172D3-4AE5-4C6E-A035-0E0AE962F555}.Release|x86.Build.0 = Release|Any CPU
		{352E06E3-9D5E-4C2B-836D-C5538F8AA48D}.Debug|Any CPU.ActiveCfg = Debug|Any CPU
		{352E06E3-9D5E-4C2B-836D-C5538F8AA48D}.Debug|Any CPU.Build.0 = Debug|Any CPU
		{352E06E3-9D5E-4C2B-836D-C5538F8AA48D}.Debug|x64.ActiveCfg = Debug|Any CPU
		{352E06E3-9D5E-4C2B-836D-C5538F8AA48D}.Debug|x64.Build.0 = Debug|Any CPU
		{352E06E3-9D5E-4C2B-836D-C5538F8AA48D}.Debug|x86.ActiveCfg = Debug|Any CPU
		{352E06E3-9D5E-4C2B-836D-C5538F8AA48D}.Debug|x86.Build.0 = Debug|Any CPU
		{352E06E3-9D5E-4C2B-836D-C5538F8AA48D}.Release|Any CPU.ActiveCfg = Release|Any CPU
		{352E06E3-9D5E-4C2B-836D-C5538F8AA48D}.Release|Any CPU.Build.0 = Release|Any CPU
		{352E06E3-9D5E-4C2B-836D-C5538F8AA48D}.Release|x64.ActiveCfg = Release|Any CPU
		{352E06E3-9D5E-4C2B-836D-C5538F8AA48D}.Release|x64.Build.0 = Release|Any CPU
		{352E06E3-9D5E-4C2B-836D-C5538F8AA48D}.Release|x86.ActiveCfg = Release|Any CPU
		{352E06E3-9D5E-4C2B-836D-C5538F8AA48D}.Release|x86.Build.0 = Release|Any CPU
		{AB4E6610-11DB-4FA0-8875-36E6F80DC667}.Debug|Any CPU.ActiveCfg = Debug|Any CPU
		{AB4E6610-11DB-4FA0-8875-36E6F80DC667}.Debug|Any CPU.Build.0 = Debug|Any CPU
		{AB4E6610-11DB-4FA0-8875-36E6F80DC667}.Debug|x64.ActiveCfg = Debug|Any CPU
		{AB4E6610-11DB-4FA0-8875-36E6F80DC667}.Debug|x64.Build.0 = Debug|Any CPU
		{AB4E6610-11DB-4FA0-8875-36E6F80DC667}.Debug|x86.ActiveCfg = Debug|Any CPU
		{AB4E6610-11DB-4FA0-8875-36E6F80DC667}.Debug|x86.Build.0 = Debug|Any CPU
		{AB4E6610-11DB-4FA0-8875-36E6F80DC667}.Release|Any CPU.ActiveCfg = Release|Any CPU
		{AB4E6610-11DB-4FA0-8875-36E6F80DC667}.Release|Any CPU.Build.0 = Release|Any CPU
		{AB4E6610-11DB-4FA0-8875-36E6F80DC667}.Release|x64.ActiveCfg = Release|Any CPU
		{AB4E6610-11DB-4FA0-8875-36E6F80DC667}.Release|x64.Build.0 = Release|Any CPU
		{AB4E6610-11DB-4FA0-8875-36E6F80DC667}.Release|x86.ActiveCfg = Release|Any CPU
		{AB4E6610-11DB-4FA0-8875-36E6F80DC667}.Release|x86.Build.0 = Release|Any CPU
		{C89FF415-2F50-4B31-B13F-35598B08F72A}.Debug|Any CPU.ActiveCfg = Debug|Any CPU
		{C89FF415-2F50-4B31-B13F-35598B08F72A}.Debug|Any CPU.Build.0 = Debug|Any CPU
		{C89FF415-2F50-4B31-B13F-35598B08F72A}.Debug|x64.ActiveCfg = Debug|Any CPU
		{C89FF415-2F50-4B31-B13F-35598B08F72A}.Debug|x64.Build.0 = Debug|Any CPU
		{C89FF415-2F50-4B31-B13F-35598B08F72A}.Debug|x86.ActiveCfg = Debug|Any CPU
		{C89FF415-2F50-4B31-B13F-35598B08F72A}.Debug|x86.Build.0 = Debug|Any CPU
		{C89FF415-2F50-4B31-B13F-35598B08F72A}.Release|Any CPU.ActiveCfg = Release|Any CPU
		{C89FF415-2F50-4B31-B13F-35598B08F72A}.Release|Any CPU.Build.0 = Release|Any CPU
		{C89FF415-2F50-4B31-B13F-35598B08F72A}.Release|x64.ActiveCfg = Release|Any CPU
		{C89FF415-2F50-4B31-B13F-35598B08F72A}.Release|x64.Build.0 = Release|Any CPU
		{C89FF415-2F50-4B31-B13F-35598B08F72A}.Release|x86.ActiveCfg = Release|Any CPU
		{C89FF415-2F50-4B31-B13F-35598B08F72A}.Release|x86.Build.0 = Release|Any CPU
		{719C8344-048F-44E4-9F8C-273B8820C80B}.Debug|Any CPU.ActiveCfg = Debug|Any CPU
		{719C8344-048F-44E4-9F8C-273B8820C80B}.Debug|Any CPU.Build.0 = Debug|Any CPU
		{719C8344-048F-44E4-9F8C-273B8820C80B}.Debug|x64.ActiveCfg = Debug|Any CPU
		{719C8344-048F-44E4-9F8C-273B8820C80B}.Debug|x64.Build.0 = Debug|Any CPU
		{719C8344-048F-44E4-9F8C-273B8820C80B}.Debug|x86.ActiveCfg = Debug|Any CPU
		{719C8344-048F-44E4-9F8C-273B8820C80B}.Debug|x86.Build.0 = Debug|Any CPU
		{719C8344-048F-44E4-9F8C-273B8820C80B}.Release|Any CPU.ActiveCfg = Release|Any CPU
		{719C8344-048F-44E4-9F8C-273B8820C80B}.Release|Any CPU.Build.0 = Release|Any CPU
		{719C8344-048F-44E4-9F8C-273B8820C80B}.Release|x64.ActiveCfg = Release|Any CPU
		{719C8344-048F-44E4-9F8C-273B8820C80B}.Release|x64.Build.0 = Release|Any CPU
		{719C8344-048F-44E4-9F8C-273B8820C80B}.Release|x86.ActiveCfg = Release|Any CPU
		{719C8344-048F-44E4-9F8C-273B8820C80B}.Release|x86.Build.0 = Release|Any CPU
		{CB1F87CD-2FE1-432B-90F4-85EF597A4A13}.Debug|Any CPU.ActiveCfg = Debug|Any CPU
		{CB1F87CD-2FE1-432B-90F4-85EF597A4A13}.Debug|Any CPU.Build.0 = Debug|Any CPU
		{CB1F87CD-2FE1-432B-90F4-85EF597A4A13}.Debug|x64.ActiveCfg = Debug|Any CPU
		{CB1F87CD-2FE1-432B-90F4-85EF597A4A13}.Debug|x64.Build.0 = Debug|Any CPU
		{CB1F87CD-2FE1-432B-90F4-85EF597A4A13}.Debug|x86.ActiveCfg = Debug|Any CPU
		{CB1F87CD-2FE1-432B-90F4-85EF597A4A13}.Debug|x86.Build.0 = Debug|Any CPU
		{CB1F87CD-2FE1-432B-90F4-85EF597A4A13}.Release|Any CPU.ActiveCfg = Release|Any CPU
		{CB1F87CD-2FE1-432B-90F4-85EF597A4A13}.Release|Any CPU.Build.0 = Release|Any CPU
		{CB1F87CD-2FE1-432B-90F4-85EF597A4A13}.Release|x64.ActiveCfg = Release|Any CPU
		{CB1F87CD-2FE1-432B-90F4-85EF597A4A13}.Release|x64.Build.0 = Release|Any CPU
		{CB1F87CD-2FE1-432B-90F4-85EF597A4A13}.Release|x86.ActiveCfg = Release|Any CPU
		{CB1F87CD-2FE1-432B-90F4-85EF597A4A13}.Release|x86.Build.0 = Release|Any CPU
		{8ACD1200-AB35-466E-BCBA-6319D0C844AF}.Debug|Any CPU.ActiveCfg = Debug|Any CPU
		{8ACD1200-AB35-466E-BCBA-6319D0C844AF}.Debug|Any CPU.Build.0 = Debug|Any CPU
		{8ACD1200-AB35-466E-BCBA-6319D0C844AF}.Debug|x64.ActiveCfg = Debug|Any CPU
		{8ACD1200-AB35-466E-BCBA-6319D0C844AF}.Debug|x64.Build.0 = Debug|Any CPU
		{8ACD1200-AB35-466E-BCBA-6319D0C844AF}.Debug|x86.ActiveCfg = Debug|Any CPU
		{8ACD1200-AB35-466E-BCBA-6319D0C844AF}.Debug|x86.Build.0 = Debug|Any CPU
		{8ACD1200-AB35-466E-BCBA-6319D0C844AF}.Release|Any CPU.ActiveCfg = Release|Any CPU
		{8ACD1200-AB35-466E-BCBA-6319D0C844AF}.Release|Any CPU.Build.0 = Release|Any CPU
		{8ACD1200-AB35-466E-BCBA-6319D0C844AF}.Release|x64.ActiveCfg = Release|Any CPU
		{8ACD1200-AB35-466E-BCBA-6319D0C844AF}.Release|x64.Build.0 = Release|Any CPU
		{8ACD1200-AB35-466E-BCBA-6319D0C844AF}.Release|x86.ActiveCfg = Release|Any CPU
		{8ACD1200-AB35-466E-BCBA-6319D0C844AF}.Release|x86.Build.0 = Release|Any CPU
		{E452B0B2-C1ED-45DE-8374-0F36CF5D5AF2}.Debug|Any CPU.ActiveCfg = Debug|Any CPU
		{E452B0B2-C1ED-45DE-8374-0F36CF5D5AF2}.Debug|Any CPU.Build.0 = Debug|Any CPU
		{E452B0B2-C1ED-45DE-8374-0F36CF5D5AF2}.Debug|x64.ActiveCfg = Debug|Any CPU
		{E452B0B2-C1ED-45DE-8374-0F36CF5D5AF2}.Debug|x64.Build.0 = Debug|Any CPU
		{E452B0B2-C1ED-45DE-8374-0F36CF5D5AF2}.Debug|x86.ActiveCfg = Debug|Any CPU
		{E452B0B2-C1ED-45DE-8374-0F36CF5D5AF2}.Debug|x86.Build.0 = Debug|Any CPU
		{E452B0B2-C1ED-45DE-8374-0F36CF5D5AF2}.Release|Any CPU.ActiveCfg = Release|Any CPU
		{E452B0B2-C1ED-45DE-8374-0F36CF5D5AF2}.Release|Any CPU.Build.0 = Release|Any CPU
		{E452B0B2-C1ED-45DE-8374-0F36CF5D5AF2}.Release|x64.ActiveCfg = Release|Any CPU
		{E452B0B2-C1ED-45DE-8374-0F36CF5D5AF2}.Release|x64.Build.0 = Release|Any CPU
		{E452B0B2-C1ED-45DE-8374-0F36CF5D5AF2}.Release|x86.ActiveCfg = Release|Any CPU
		{E452B0B2-C1ED-45DE-8374-0F36CF5D5AF2}.Release|x86.Build.0 = Release|Any CPU
		{B0950B8F-BCAF-4476-A0CE-CC8A47E60F7E}.Debug|Any CPU.ActiveCfg = Debug|Any CPU
		{B0950B8F-BCAF-4476-A0CE-CC8A47E60F7E}.Debug|Any CPU.Build.0 = Debug|Any CPU
		{B0950B8F-BCAF-4476-A0CE-CC8A47E60F7E}.Debug|x64.ActiveCfg = Debug|Any CPU
		{B0950B8F-BCAF-4476-A0CE-CC8A47E60F7E}.Debug|x64.Build.0 = Debug|Any CPU
		{B0950B8F-BCAF-4476-A0CE-CC8A47E60F7E}.Debug|x86.ActiveCfg = Debug|Any CPU
		{B0950B8F-BCAF-4476-A0CE-CC8A47E60F7E}.Debug|x86.Build.0 = Debug|Any CPU
		{B0950B8F-BCAF-4476-A0CE-CC8A47E60F7E}.Release|Any CPU.ActiveCfg = Release|Any CPU
		{B0950B8F-BCAF-4476-A0CE-CC8A47E60F7E}.Release|Any CPU.Build.0 = Release|Any CPU
		{B0950B8F-BCAF-4476-A0CE-CC8A47E60F7E}.Release|x64.ActiveCfg = Release|Any CPU
		{B0950B8F-BCAF-4476-A0CE-CC8A47E60F7E}.Release|x64.Build.0 = Release|Any CPU
		{B0950B8F-BCAF-4476-A0CE-CC8A47E60F7E}.Release|x86.ActiveCfg = Release|Any CPU
		{B0950B8F-BCAF-4476-A0CE-CC8A47E60F7E}.Release|x86.Build.0 = Release|Any CPU
		{4EE697B8-E6AA-47EF-B9E3-C4F9FFBCA4E7}.Debug|Any CPU.ActiveCfg = Debug|Any CPU
		{4EE697B8-E6AA-47EF-B9E3-C4F9FFBCA4E7}.Debug|Any CPU.Build.0 = Debug|Any CPU
		{4EE697B8-E6AA-47EF-B9E3-C4F9FFBCA4E7}.Debug|x64.ActiveCfg = Debug|Any CPU
		{4EE697B8-E6AA-47EF-B9E3-C4F9FFBCA4E7}.Debug|x64.Build.0 = Debug|Any CPU
		{4EE697B8-E6AA-47EF-B9E3-C4F9FFBCA4E7}.Debug|x86.ActiveCfg = Debug|Any CPU
		{4EE697B8-E6AA-47EF-B9E3-C4F9FFBCA4E7}.Debug|x86.Build.0 = Debug|Any CPU
		{4EE697B8-E6AA-47EF-B9E3-C4F9FFBCA4E7}.Release|Any CPU.ActiveCfg = Release|Any CPU
		{4EE697B8-E6AA-47EF-B9E3-C4F9FFBCA4E7}.Release|Any CPU.Build.0 = Release|Any CPU
		{4EE697B8-E6AA-47EF-B9E3-C4F9FFBCA4E7}.Release|x64.ActiveCfg = Release|Any CPU
		{4EE697B8-E6AA-47EF-B9E3-C4F9FFBCA4E7}.Release|x64.Build.0 = Release|Any CPU
		{4EE697B8-E6AA-47EF-B9E3-C4F9FFBCA4E7}.Release|x86.ActiveCfg = Release|Any CPU
		{4EE697B8-E6AA-47EF-B9E3-C4F9FFBCA4E7}.Release|x86.Build.0 = Release|Any CPU
		{94D7D3A3-3640-4791-BE19-CA50C59187C6}.Debug|Any CPU.ActiveCfg = Debug|Any CPU
		{94D7D3A3-3640-4791-BE19-CA50C59187C6}.Debug|Any CPU.Build.0 = Debug|Any CPU
		{94D7D3A3-3640-4791-BE19-CA50C59187C6}.Debug|x64.ActiveCfg = Debug|Any CPU
		{94D7D3A3-3640-4791-BE19-CA50C59187C6}.Debug|x64.Build.0 = Debug|Any CPU
		{94D7D3A3-3640-4791-BE19-CA50C59187C6}.Debug|x86.ActiveCfg = Debug|Any CPU
		{94D7D3A3-3640-4791-BE19-CA50C59187C6}.Debug|x86.Build.0 = Debug|Any CPU
		{94D7D3A3-3640-4791-BE19-CA50C59187C6}.Release|Any CPU.ActiveCfg = Release|Any CPU
		{94D7D3A3-3640-4791-BE19-CA50C59187C6}.Release|Any CPU.Build.0 = Release|Any CPU
		{94D7D3A3-3640-4791-BE19-CA50C59187C6}.Release|x64.ActiveCfg = Release|Any CPU
		{94D7D3A3-3640-4791-BE19-CA50C59187C6}.Release|x64.Build.0 = Release|Any CPU
		{94D7D3A3-3640-4791-BE19-CA50C59187C6}.Release|x86.ActiveCfg = Release|Any CPU
		{94D7D3A3-3640-4791-BE19-CA50C59187C6}.Release|x86.Build.0 = Release|Any CPU
		{50987EDD-9F49-4981-ADAE-98F01F4A4FBA}.Debug|Any CPU.ActiveCfg = Debug|Any CPU
		{50987EDD-9F49-4981-ADAE-98F01F4A4FBA}.Debug|Any CPU.Build.0 = Debug|Any CPU
		{50987EDD-9F49-4981-ADAE-98F01F4A4FBA}.Debug|x64.ActiveCfg = Debug|Any CPU
		{50987EDD-9F49-4981-ADAE-98F01F4A4FBA}.Debug|x64.Build.0 = Debug|Any CPU
		{50987EDD-9F49-4981-ADAE-98F01F4A4FBA}.Debug|x86.ActiveCfg = Debug|Any CPU
		{50987EDD-9F49-4981-ADAE-98F01F4A4FBA}.Debug|x86.Build.0 = Debug|Any CPU
		{50987EDD-9F49-4981-ADAE-98F01F4A4FBA}.Release|Any CPU.ActiveCfg = Release|Any CPU
		{50987EDD-9F49-4981-ADAE-98F01F4A4FBA}.Release|Any CPU.Build.0 = Release|Any CPU
		{50987EDD-9F49-4981-ADAE-98F01F4A4FBA}.Release|x64.ActiveCfg = Release|Any CPU
		{50987EDD-9F49-4981-ADAE-98F01F4A4FBA}.Release|x64.Build.0 = Release|Any CPU
		{50987EDD-9F49-4981-ADAE-98F01F4A4FBA}.Release|x86.ActiveCfg = Release|Any CPU
		{50987EDD-9F49-4981-ADAE-98F01F4A4FBA}.Release|x86.Build.0 = Release|Any CPU
		{8FFF49D6-B029-400B-8510-1A088868DFA6}.Debug|Any CPU.ActiveCfg = Debug|Any CPU
		{8FFF49D6-B029-400B-8510-1A088868DFA6}.Debug|Any CPU.Build.0 = Debug|Any CPU
		{8FFF49D6-B029-400B-8510-1A088868DFA6}.Debug|x64.ActiveCfg = Debug|Any CPU
		{8FFF49D6-B029-400B-8510-1A088868DFA6}.Debug|x64.Build.0 = Debug|Any CPU
		{8FFF49D6-B029-400B-8510-1A088868DFA6}.Debug|x86.ActiveCfg = Debug|Any CPU
		{8FFF49D6-B029-400B-8510-1A088868DFA6}.Debug|x86.Build.0 = Debug|Any CPU
		{8FFF49D6-B029-400B-8510-1A088868DFA6}.Release|Any CPU.ActiveCfg = Release|Any CPU
		{8FFF49D6-B029-400B-8510-1A088868DFA6}.Release|Any CPU.Build.0 = Release|Any CPU
		{8FFF49D6-B029-400B-8510-1A088868DFA6}.Release|x64.ActiveCfg = Release|Any CPU
		{8FFF49D6-B029-400B-8510-1A088868DFA6}.Release|x64.Build.0 = Release|Any CPU
		{8FFF49D6-B029-400B-8510-1A088868DFA6}.Release|x86.ActiveCfg = Release|Any CPU
		{8FFF49D6-B029-400B-8510-1A088868DFA6}.Release|x86.Build.0 = Release|Any CPU
	EndGlobalSection
	GlobalSection(NestedProjects) = preSolution
		{BFE429EB-4C2E-4BF3-A302-C9C5A2FDA6D7} = {23324041-2076-477C-A4BF-B385B8066C6C}
		{A8DFEA18-E880-4303-BBCE-0F27EE214D44} = {23324041-2076-477C-A4BF-B385B8066C6C}
		{0A18FCAE-572E-47FF-B8E3-C97ED15132FA} = {23324041-2076-477C-A4BF-B385B8066C6C}
		{956F722C-DFD3-435E-9D2E-A0549C4D8BC0} = {23324041-2076-477C-A4BF-B385B8066C6C}
		{E8C4587E-9424-438B-AEAF-A09E0234865A} = {E1F91563-7277-4E9B-A3B7-8D5FD9802A4A}
		{5A41E9D5-67F5-447C-8AE2-78FED7A45206} = {081E7761-B200-4DBF-8950-941464DECACE}
		{896B1A79-FEC8-4B7A-8A9C-0CC8EDA2CCFC} = {081E7761-B200-4DBF-8950-941464DECACE}
		{FC015604-3326-4BCC-9212-C5CB0DFB0D12} = {896B1A79-FEC8-4B7A-8A9C-0CC8EDA2CCFC}
		{0612430C-19BF-430F-A566-B5EA372ADFA3} = {896B1A79-FEC8-4B7A-8A9C-0CC8EDA2CCFC}
		{FAF0EC36-234C-4DD6-821F-D2BA8BB88BE1} = {896B1A79-FEC8-4B7A-8A9C-0CC8EDA2CCFC}
		{F29A88F9-B5EA-4CA3-9F3D-BC1F0D85DA31} = {896B1A79-FEC8-4B7A-8A9C-0CC8EDA2CCFC}
		{66F172D3-4AE5-4C6E-A035-0E0AE962F555} = {896B1A79-FEC8-4B7A-8A9C-0CC8EDA2CCFC}
		{352E06E3-9D5E-4C2B-836D-C5538F8AA48D} = {896B1A79-FEC8-4B7A-8A9C-0CC8EDA2CCFC}
		{AB4E6610-11DB-4FA0-8875-36E6F80DC667} = {896B1A79-FEC8-4B7A-8A9C-0CC8EDA2CCFC}
		{C89FF415-2F50-4B31-B13F-35598B08F72A} = {896B1A79-FEC8-4B7A-8A9C-0CC8EDA2CCFC}
		{719C8344-048F-44E4-9F8C-273B8820C80B} = {896B1A79-FEC8-4B7A-8A9C-0CC8EDA2CCFC}
		{CB1F87CD-2FE1-432B-90F4-85EF597A4A13} = {896B1A79-FEC8-4B7A-8A9C-0CC8EDA2CCFC}
		{8ACD1200-AB35-466E-BCBA-6319D0C844AF} = {896B1A79-FEC8-4B7A-8A9C-0CC8EDA2CCFC}
		{E452B0B2-C1ED-45DE-8374-0F36CF5D5AF2} = {896B1A79-FEC8-4B7A-8A9C-0CC8EDA2CCFC}
		{B0950B8F-BCAF-4476-A0CE-CC8A47E60F7E} = {896B1A79-FEC8-4B7A-8A9C-0CC8EDA2CCFC}
		{4EE697B8-E6AA-47EF-B9E3-C4F9FFBCA4E7} = {896B1A79-FEC8-4B7A-8A9C-0CC8EDA2CCFC}
		{94D7D3A3-3640-4791-BE19-CA50C59187C6} = {896B1A79-FEC8-4B7A-8A9C-0CC8EDA2CCFC}
		{50987EDD-9F49-4981-ADAE-98F01F4A4FBA} = {896B1A79-FEC8-4B7A-8A9C-0CC8EDA2CCFC}
		{8FFF49D6-B029-400B-8510-1A088868DFA6} = {FA9D1C95-5585-4DEC-B226-1447A486C376}
	EndGlobalSection
EndGlobal
