
Microsoft Visual Studio Solution File, Format Version 12.00
# Visual Studio Version 16
VisualStudioVersion = 16.0.29215.179
MinimumVisualStudioVersion = 10.0.40219.1
Project("{9A19103F-16F7-4668-BE54-9A1E7A4F7556}") = "Tutorial 1.1 - Hello Window", "Tutorial 1.1 - Hello Window.csproj", "{DC86E420-6ECB-4553-8248-5C22A828E6BF}"
EndProject
Global
	GlobalSection(SolutionConfigurationPlatforms) = preSolution
		Debug|Any CPU = Debug|Any CPU
		Release|Any CPU = Release|Any CPU
	EndGlobalSection
	GlobalSection(ProjectConfigurationPlatforms) = postSolution
		{DC86E420-6ECB-4553-8248-5C22A828E6BF}.Debug|Any CPU.ActiveCfg = Debug|Any CPU
		{DC86E420-6ECB-4553-8248-5C22A828E6BF}.Debug|Any CPU.Build.0 = Debug|Any CPU
		{DC86E420-6ECB-4553-8248-5C22A828E6BF}.Release|Any CPU.ActiveCfg = Release|Any CPU
		{DC86E420-6ECB-4553-8248-5C22A828E6BF}.Release|Any CPU.Build.0 = Release|Any CPU
	EndGlobalSection
	GlobalSection(SolutionProperties) = preSolution
		HideSolutionNode = FALSE
	EndGlobalSection
	GlobalSection(ExtensibilityGlobals) = postSolution
		SolutionGuid = {A5758D78-CAF1-4591-B0A0-41DFA3A94DF4}
	EndGlobalSection
EndGlobal
