
Microsoft Visual Studio Solution File, Format Version 12.00
# Visual Studio Version 16
VisualStudioVersion = 16.0.29215.179
MinimumVisualStudioVersion = 10.0.40219.1
Project("{9A19103F-16F7-4668-BE54-9A1E7A4F7556}") = "Tutorial 1.2 - Hello Triangle", "Tutorial 1.2 - Hello Triangle.csproj", "{B828B548-5CBF-43E1-80FD-82BCABB7145D}"
EndProject
Global
	GlobalSection(SolutionConfigurationPlatforms) = preSolution
		Debug|Any CPU = Debug|Any CPU
		Release|Any CPU = Release|Any CPU
	EndGlobalSection
	GlobalSection(ProjectConfigurationPlatforms) = postSolution
		{B828B548-5CBF-43E1-80FD-82BCABB7145D}.Debug|Any CPU.ActiveCfg = Debug|Any CPU
		{B828B548-5CBF-43E1-80FD-82BCABB7145D}.Debug|Any CPU.Build.0 = Debug|Any CPU
		{B828B548-5CBF-43E1-80FD-82BCABB7145D}.Release|Any CPU.ActiveCfg = Release|Any CPU
		{B828B548-5CBF-43E1-80FD-82BCABB7145D}.Release|Any CPU.Build.0 = Release|Any CPU
	EndGlobalSection
	GlobalSection(SolutionProperties) = preSolution
		HideSolutionNode = FALSE
	EndGlobalSection
	GlobalSection(ExtensibilityGlobals) = postSolution
		SolutionGuid = {6828DEFB-CBF4-47EF-85CE-031FB26678D8}
	EndGlobalSection
EndGlobal
