
Microsoft Visual Studio Solution File, Format Version 12.00
# Visual Studio Version 16
VisualStudioVersion = 16.0.809.3
MinimumVisualStudioVersion = 10.0.40219.1
Project("{FAE04EC0-301F-11D3-BF4B-00C04F79EFBC}") = "ImGui", "ImGui.csproj", "{33E401A2-A133-4257-BEFD-5F18955B7DD5}"
EndProject
Global
	GlobalSection(SolutionConfigurationPlatforms) = preSolution
		Debug|Any CPU = Debug|Any CPU
		Release|Any CPU = Release|Any CPU
	EndGlobalSection
	GlobalSection(ProjectConfigurationPlatforms) = postSolution
		{33E401A2-A133-4257-BEFD-5F18955B7DD5}.Debug|Any CPU.ActiveCfg = Debug|Any CPU
		{33E401A2-A133-4257-BEFD-5F18955B7DD5}.Debug|Any CPU.Build.0 = Debug|Any CPU
		{33E401A2-A133-4257-BEFD-5F18955B7DD5}.Release|Any CPU.ActiveCfg = Release|Any CPU
		{33E401A2-A133-4257-BEFD-5F18955B7DD5}.Release|Any CPU.Build.0 = Release|Any CPU
	EndGlobalSection
	GlobalSection(SolutionProperties) = preSolution
		HideSolutionNode = FALSE
	EndGlobalSection
	GlobalSection(ExtensibilityGlobals) = postSolution
		SolutionGuid = {2A81595E-510A-45C9-A0CF-EDCDF75E10AD}
	EndGlobalSection
EndGlobal
