{
  "version": 2,
  "dependencies": {
    "net6.0": {
      "ClangSharp.PInvokeGenerator": {
        "type": "Direct",
        "requested": "[14.0.0-beta2, )",
        "resolved": "14.0.0-beta2",
        "contentHash": "TKg74Q8bgKjejRMZeZ0eJTdMf3Vnu9xmZo50/t6uXt6qDjQwOowTJSMHA8uTmNYLDix8onpb8QWn5TJ6UysdtA==",
        "dependencies": {
          "ClangSharp": "14.0.0-beta2"
        }
      },
      "Microsoft.Build.Locator": {
        "type": "Direct",
        "requested": "[1.4.1, )",
        "resolved": "1.4.1",
        "contentHash": "UfyGaxNTjw/r3uWMX/Cv1CPKELo7TCrR5VIahaSKL0WyqmbDT6og9pyjwuhyyUkxC9gk2ElB7oOEySL1OzTZ1g=="
      },
      "Microsoft.Extensions.FileSystemGlobbing": {
        "type": "Direct",
        "requested": "[6.0.0, )",
        "resolved": "6.0.0",
        "contentHash": "ip8jnL1aPiaPeKINCqaTEbvBFDmVx9dXQEBZ2HOBRXPD1eabGNqP/bKlsIcp7U2lGxiXd5xIhoFcmY8nM4Hdiw=="
      },
      "Microsoft.SourceLink.GitHub": {
        "type": "Direct",
        "requested": "[1.1.1, )",
        "resolved": "1.1.1",
        "contentHash": "IaJGnOv/M7UQjRJks7B6p7pbPnOwisYGOIzqCz5ilGFTApZ3ktOR+6zJ12ZRPInulBmdAf1SrGdDG2MU8g6XTw==",
        "dependencies": {
          "Microsoft.Build.Tasks.Git": "1.1.1",
          "Microsoft.SourceLink.Common": "1.1.1"
        }
      },
      "ClangSharp": {
        "type": "Transitive",
        "resolved": "14.0.0-beta2",
        "contentHash": "19dwR+HftTb6wfDKgsl2lzXL7sfmotp2eI7YGbz58gQldMfUwO6ZJqD8vGGMPe37hrBjEv9wDR5+bbwFwltK2A==",
        "dependencies": {
          "ClangSharp.Interop": "14.0.0-beta2"
        }
      },
      "ClangSharp.Interop": {
        "type": "Transitive",
        "resolved": "14.0.0-beta2",
        "contentHash": "mYXdq012DX3fvfnhbLebZL0gqHVkDt4eIXOhPPOluTlnlkeOmfVQob5MB54J/h1R3fVgYJV3Q1eIr1TXZ5Wifg==",
        "dependencies": {
          "libClang": "14.0.0",
          "libClangSharp": "14.0.0-beta1"
        }
      },
      "Microsoft.Build.Tasks.Git": {
        "type": "Transitive",
        "resolved": "1.1.1",
        "contentHash": "AT3HlgTjsqHnWpBHSNeR0KxbLZD7bztlZVj7I8vgeYG9SYqbeFGh0TM/KVtC6fg53nrWHl3VfZFvb5BiQFcY6Q=="
      },
      "Microsoft.CodeAnalysis.Analyzers": {
        "type": "Transitive",
        "resolved": "3.3.3",
        "contentHash": "j/rOZtLMVJjrfLRlAMckJLPW/1rze9MT1yfWqSIbUPGRu1m1P0fuo9PmqapwsmePfGB5PJrudQLvmUOAMF0DqQ=="
      },
      "Microsoft.CodeAnalysis.Common": {
        "type": "Transitive",
        "resolved": "4.2.0",
        "contentHash": "lbusGcuE7D8FtZawQ4G++UFsRQArPzZN1GGXjPQwu3gvCbw7FXDcBq1zDZrZN1vRzPTVe1qyZMvfGhVUzs1TDg==",
        "dependencies": {
          "Microsoft.CodeAnalysis.Analyzers": "3.3.3",
          "System.Collections.Immutable": "5.0.0",
          "System.Memory": "4.5.4",
          "System.Reflection.Metadata": "5.0.0",
          "System.Runtime.CompilerServices.Unsafe": "6.0.0",
          "System.Text.Encoding.CodePages": "6.0.0",
          "System.Threading.Tasks.Extensions": "4.5.4"
        }
      },
      "Microsoft.Extensions.DependencyInjection.Abstractions": {
        "type": "Transitive",
        "resolved": "6.0.0",
        "contentHash": "xlzi2IYREJH3/m6+lUrQlujzX8wDitm4QGnUu6kUXTQAWPuZY8i+ticFJbzfqaetLA6KR/rO6Ew/HuYD+bxifg=="
      },
      "Microsoft.Extensions.FileProviders.Abstractions": {
        "type": "Transitive",
        "resolved": "6.0.0",
        "contentHash": "0pd4/fho0gC12rQswaGQxbU34jOS1TPS8lZPpkFCH68ppQjHNHYle9iRuHeev1LhrJ94YPvzcRd8UmIuFk23Qw==",
        "dependencies": {
          "Microsoft.Extensions.Primitives": "6.0.0"
        }
      },
      "Microsoft.Extensions.Primitives": {
        "type": "Transitive",
        "resolved": "6.0.0",
        "contentHash": "9+PnzmQFfEFNR9J2aDTfJGGupShHjOuGw4VUv+JB044biSHrnmCIMD+mJHmb2H7YryrfBEXDurxQ47gJZdCKNQ==",
        "dependencies": {
          "System.Runtime.CompilerServices.Unsafe": "6.0.0"
        }
      },
      "Microsoft.SourceLink.Common": {
        "type": "Transitive",
        "resolved": "1.1.1",
        "contentHash": "WMcGpWKrmJmzrNeuaEb23bEMnbtR/vLmvZtkAP5qWu7vQsY59GqfRJd65sFpBszbd2k/bQ8cs8eWawQKAabkVg=="
      },
      "System.Memory": {
        "type": "Transitive",
        "resolved": "4.5.4",
        "contentHash": "1MbJTHS1lZ4bS4FmsJjnuGJOu88ZzTT2rLvrhW7Ygic+pC0NWA+3hgAen0HRdsocuQXCkUTdFn9yHJJhsijDXw=="
      },
      "System.Reflection.Metadata": {
        "type": "Transitive",
        "resolved": "5.0.0",
        "contentHash": "5NecZgXktdGg34rh1OenY1rFNDCI8xSjFr+Z4OU4cU06AQHUdRnIIEeWENu3Wl4YowbzkymAIMvi3WyK9U53pQ=="
      },
      "System.Runtime.CompilerServices.Unsafe": {
        "type": "Transitive",
        "resolved": "6.0.0",
        "contentHash": "/iUeP3tq1S0XdNNoMz5C9twLSrM/TH+qElHkXWaPvuNOt+99G75NrV0OS2EqHx5wMN7popYjpc8oTjC1y16DLg=="
      },
      "System.Text.Encoding.CodePages": {
        "type": "Transitive",
        "resolved": "6.0.0",
        "contentHash": "ZFCILZuOvtKPauZ/j/swhvw68ZRi9ATCfvGbk1QfydmcXBkIWecWKn/250UH7rahZ5OoDBaiAudJtPvLwzw85A==",
        "dependencies": {
          "System.Runtime.CompilerServices.Unsafe": "6.0.0"
        }
      },
      "System.Text.Encodings.Web": {
        "type": "Transitive",
        "resolved": "6.0.0",
        "contentHash": "Vg8eB5Tawm1IFqj4TVK1czJX89rhFxJo9ELqc/Eiq0eXy13RK00eubyU6TJE6y+GQXjyV5gSfiewDUZjQgSE0w==",
        "dependencies": {
          "System.Runtime.CompilerServices.Unsafe": "6.0.0"
        }
      },
      "System.Threading.Tasks.Extensions": {
        "type": "Transitive",
        "resolved": "4.5.4",
        "contentHash": "zteT+G8xuGu6mS+mzDzYXbzS7rd3K6Fjb9RiZlYlJPam2/hU7JCBZBVEcywNuR+oZ1ncTvc/cq0faRr3P01OVg=="
      },
      "silk.net.silktouch.common": {
        "type": "Project",
        "dependencies": {
          "Humanizer.Core": "2.14.1",
          "Microsoft.CodeAnalysis.CSharp": "4.2.0",
          "Microsoft.Extensions.Configuration.Abstractions": "6.0.0",
          "Microsoft.Extensions.Hosting.Abstractions": "6.0.0",
          "Microsoft.Extensions.Logging.Abstractions": "5.0.0",
          "Microsoft.Extensions.Options": "6.0.0",
          "System.Text.Json": "6.0.5"
        }
      },
      "silk.net.silktouch.symbols": {
        "type": "Project",
        "dependencies": {
          "System.Collections.Immutable": "6.0.0"
        }
      },
      "Humanizer.Core": {
        "type": "CentralTransitive",
        "requested": "[2.14.1, )",
        "resolved": "2.14.1",
        "contentHash": "lQKvtaTDOXnoVJ20ibTuSIOf2i0uO0MPbDhd1jm238I+U/2ZnRENj0cktKZhtchBMtCUSRQ5v4xBCUbKNmyVMw=="
      },
      "libclang": {
        "type": "CentralTransitive",
        "requested": "[14.0.0, )",
        "resolved": "14.0.0",
        "contentHash": "GiB8UPbty7+VS8OEXLwrjUixRwPF7DTzC1qs9vTfuZLR+fsPQvawhiCHIp3A8+tbgibksSl0x+ut5Y3STFyiJA=="
      },
      "libClangSharp": {
        "type": "CentralTransitive",
        "requested": "[14.0.0-beta1, )",
        "resolved": "14.0.0-beta1",
        "contentHash": "fp7onTSIPvZbSzq6d+VXbcZGLp6x2ei2XFmQMfOVzDVMMa/+CMSdJLAcLWF2muHnwdAasz1QYUg+uoPDLsoD1g=="
      },
      "Microsoft.CodeAnalysis.CSharp": {
        "type": "CentralTransitive",
        "requested": "[4.2.0, )",
        "resolved": "4.2.0",
        "contentHash": "5IDwr8zGNBmDpxtzxxZj9IHwoA6HJ1/WWT/JacqPQJ4Vz/oZXaHNlzcBPVCZRGWUw+QvVdAhCKwEyJyuAuH/wg==",
        "dependencies": {
          "Microsoft.CodeAnalysis.Common": "[4.2.0]"
        }
      },
      "Microsoft.Extensions.Configuration.Abstractions": {
        "type": "CentralTransitive",
        "requested": "[6.0.0, )",
        "resolved": "6.0.0",
        "contentHash": "qWzV9o+ZRWq+pGm+1dF+R7qTgTYoXvbyowRoBxQJGfqTpqDun2eteerjRQhq5PQ/14S+lqto3Ft4gYaRyl4rdQ==",
        "dependencies": {
          "Microsoft.Extensions.Primitives": "6.0.0"
        }
      },
      "Microsoft.Extensions.Hosting.Abstractions": {
        "type": "CentralTransitive",
        "requested": "[6.0.0, )",
        "resolved": "6.0.0",
        "contentHash": "GcT5l2CYXL6Sa27KCSh0TixsRfADUgth+ojQSD5EkzisZxmGFh7CwzkcYuGwvmXLjr27uWRNrJ2vuuEjMhU05Q==",
        "dependencies": {
          "Microsoft.Extensions.Configuration.Abstractions": "6.0.0",
          "Microsoft.Extensions.DependencyInjection.Abstractions": "6.0.0",
          "Microsoft.Extensions.FileProviders.Abstractions": "6.0.0"
        }
      },
      "Microsoft.Extensions.Logging.Abstractions": {
        "type": "CentralTransitive",
        "requested": "[5.0.0, )",
        "resolved": "5.0.0",
        "contentHash": "NxP6ahFcBnnSfwNBi2KH2Oz8Xl5Sm2krjId/jRR3I7teFphwiUoUeZPwTNA21EX+5PtjqmyAvKaOeBXcJjcH/w=="
      },
      "Microsoft.Extensions.Options": {
        "type": "CentralTransitive",
        "requested": "[6.0.0, )",
        "resolved": "6.0.0",
        "contentHash": "dzXN0+V1AyjOe2xcJ86Qbo233KHuLEY0njf/P2Kw8SfJU+d45HNS2ctJdnEnrWbM9Ye2eFgaC5Mj9otRMU6IsQ==",
        "dependencies": {
          "Microsoft.Extensions.DependencyInjection.Abstractions": "6.0.0",
          "Microsoft.Extensions.Primitives": "6.0.0"
        }
      },
      "System.Collections.Immutable": {
        "type": "CentralTransitive",
        "requested": "[6.0.0, )",
        "resolved": "6.0.0",
        "contentHash": "l4zZJ1WU2hqpQQHXz1rvC3etVZN+2DLmQMO79FhOTZHMn8tDRr+WU287sbomD0BETlmKDn0ygUgVy9k5xkkJdA==",
        "dependencies": {
          "System.Runtime.CompilerServices.Unsafe": "6.0.0"
        }
      },
      "System.Text.Json": {
        "type": "CentralTransitive",
        "requested": "[6.0.5, )",
        "resolved": "6.0.5",
        "contentHash": "SSH+YYrMpvLcy7Orzb5K1tSyffnFacWahyxCCjYH1PbSHdAF4dekmIetBurFKgtTHDmwEe/J2Csi/7niRH6d/g==",
        "dependencies": {
          "System.Runtime.CompilerServices.Unsafe": "6.0.0",
          "System.Text.Encodings.Web": "6.0.0"
        }
      }
    },
    "net6.0/win-x86": {
      "libclang.runtime.win-x86": {
        "type": "Transitive",
        "resolved": "14.0.0",
        "contentHash": "4Qes1EOlVVEiNUwFZZiRJyz2KALTArP1euHN20yLJtAVWcvfeZQVgSLdLoUrIHreXOXY5+r/Qc1RL6Mme8xlrA=="
      },
      "libClangSharp.runtime.win-x86": {
        "type": "Transitive",
        "resolved": "14.0.0-beta1",
        "contentHash": "LOPDHF6Eej5WnZYIVKMSufeJsN+9eT8X8F0ycECSX1lveXAus284msywPwim1DUqTVWfNUXfZYTnJZaN0jyGEg=="
      },
      "System.Text.Encoding.CodePages": {
        "type": "Transitive",
        "resolved": "6.0.0",
        "contentHash": "ZFCILZuOvtKPauZ/j/swhvw68ZRi9ATCfvGbk1QfydmcXBkIWecWKn/250UH7rahZ5OoDBaiAudJtPvLwzw85A==",
        "dependencies": {
          "System.Runtime.CompilerServices.Unsafe": "6.0.0"
        }
      },
      "System.Text.Encodings.Web": {
        "type": "Transitive",
        "resolved": "6.0.0",
        "contentHash": "Vg8eB5Tawm1IFqj4TVK1czJX89rhFxJo9ELqc/Eiq0eXy13RK00eubyU6TJE6y+GQXjyV5gSfiewDUZjQgSE0w==",
        "dependencies": {
          "System.Runtime.CompilerServices.Unsafe": "6.0.0"
        }
      },
      "libclang": {
        "type": "CentralTransitive",
        "requested": "[14.0.0, )",
        "resolved": "14.0.0",
        "contentHash": "GiB8UPbty7+VS8OEXLwrjUixRwPF7DTzC1qs9vTfuZLR+fsPQvawhiCHIp3A8+tbgibksSl0x+ut5Y3STFyiJA==",
        "dependencies": {
          "libclang.runtime.win-x86": "14.0.0"
        }
      },
      "libClangSharp": {
        "type": "CentralTransitive",
        "requested": "[14.0.0-beta1, )",
        "resolved": "14.0.0-beta1",
        "contentHash": "fp7onTSIPvZbSzq6d+VXbcZGLp6x2ei2XFmQMfOVzDVMMa/+CMSdJLAcLWF2muHnwdAasz1QYUg+uoPDLsoD1g==",
        "dependencies": {
          "libClangSharp.runtime.win-x86": "14.0.0-beta1"
        }
      }
    }
  }
}