
Microsoft Visual Studio Solution File, Format Version 12.00
# Visual Studio Version 16
VisualStudioVersion = 16.0.30709.132
MinimumVisualStudioVersion = 10.0.40219.1
Project("{FAE04EC0-301F-11D3-BF4B-00C04F79EFBC}") = "Silk.NET.Maths", "src\Silk.NET.Maths.csproj", "{09616240-85FE-4A11-8432-C92FF323193C}"
EndProject
Project("{FAE04EC0-301F-11D3-BF4B-00C04F79EFBC}") = "Silk.NET.Maths.Tests", "test\Silk.NET.Maths.Tests.csproj", "{CAB45826-EFED-4128-8B7D-95F68F2C6766}"
EndProject
Project("{FAE04EC0-301F-11D3-BF4B-00C04F79EFBC}") = "Silk.NET.Maths.Benchmark", "benchmarks\Silk.NET.Maths.Benchmark.csproj", "{FD4C20CF-3B09-4371-BB9D-9BCC4E092A0A}"
EndProject
Global
	GlobalSection(SolutionConfigurationPlatforms) = preSolution
		Debug|Any CPU = Debug|Any CPU
		Release|Any CPU = Release|Any CPU
	EndGlobalSection
	GlobalSection(ProjectConfigurationPlatforms) = postSolution
		{09616240-85FE-4A11-8432-C92FF323193C}.Debug|Any CPU.ActiveCfg = Debug|Any CPU
		{09616240-85FE-4A11-8432-C92FF323193C}.Debug|Any CPU.Build.0 = Debug|Any CPU
		{09616240-85FE-4A11-8432-C92FF323193C}.Release|Any CPU.ActiveCfg = Release|Any CPU
		{09616240-85FE-4A11-8432-C92FF323193C}.Release|Any CPU.Build.0 = Release|Any CPU
		{CAB45826-EFED-4128-8B7D-95F68F2C6766}.Debug|Any CPU.ActiveCfg = Debug|Any CPU
		{CAB45826-EFED-4128-8B7D-95F68F2C6766}.Debug|Any CPU.Build.0 = Debug|Any CPU
		{CAB45826-EFED-4128-8B7D-95F68F2C6766}.Release|Any CPU.ActiveCfg = Release|Any CPU
		{CAB45826-EFED-4128-8B7D-95F68F2C6766}.Release|Any CPU.Build.0 = Release|Any CPU
		{FD4C20CF-3B09-4371-BB9D-9BCC4E092A0A}.Debug|Any CPU.ActiveCfg = Debug|Any CPU
		{FD4C20CF-3B09-4371-BB9D-9BCC4E092A0A}.Debug|Any CPU.Build.0 = Debug|Any CPU
		{FD4C20CF-3B09-4371-BB9D-9BCC4E092A0A}.Release|Any CPU.ActiveCfg = Release|Any CPU
		{FD4C20CF-3B09-4371-BB9D-9BCC4E092A0A}.Release|Any CPU.Build.0 = Release|Any CPU
	EndGlobalSection
	GlobalSection(SolutionProperties) = preSolution
		HideSolutionNode = FALSE
	EndGlobalSection
	GlobalSection(ExtensibilityGlobals) = postSolution
		SolutionGuid = {53B0673D-3DB3-4308-A12A-629FF25485A2}
	EndGlobalSection
EndGlobal
